// !$*UTF8*$!
{
	archiveVersion = 1;
	classes = {
	};
	objectVersion = 48;
	objects = {

/* Begin PBXBuildFile section */
		8E6D9B6D1FE8E5C700E0E3DC /* AppDelegate.swift in Sources */ = {isa = PBXBuildFile; fileRef = 8E6D9B6C1FE8E5C700E0E3DC /* AppDelegate.swift */; };
		8E6D9B731FE8E5C700E0E3DC /* GameScene.swift in Sources */ = {isa = PBXBuildFile; fileRef = 8E6D9B721FE8E5C700E0E3DC /* GameScene.swift */; };
		8E6D9B751FE8E5C700E0E3DC /* GameViewController.swift in Sources */ = {isa = PBXBuildFile; fileRef = 8E6D9B741FE8E5C700E0E3DC /* GameViewController.swift */; };
		8E6D9B781FE8E5C700E0E3DC /* Main.storyboard in Resources */ = {isa = PBXBuildFile; fileRef = 8E6D9B761FE8E5C700E0E3DC /* Main.storyboard */; };
		8E6D9B7A1FE8E5C700E0E3DC /* Assets.xcassets in Resources */ = {isa = PBXBuildFile; fileRef = 8E6D9B791FE8E5C700E0E3DC /* Assets.xcassets */; };
		8E6D9B7D1FE8E5C700E0E3DC /* LaunchScreen.storyboard in Resources */ = {isa = PBXBuildFile; fileRef = 8E6D9B7B1FE8E5C700E0E3DC /* LaunchScreen.storyboard */; };
		8E6D9B901FE8E85800E0E3DC /* AnderData.json in Resources */ = {isa = PBXBuildFile; fileRef = 8E6D9B891FE8E85700E0E3DC /* AnderData.json */; };
		8E6D9B911FE8E85800E0E3DC /* ParsingJSON.swift in Sources */ = {isa = PBXBuildFile; fileRef = 8E6D9B8A1FE8E85700E0E3DC /* ParsingJSON.swift */; };
		8E6D9B921FE8E85800E0E3DC /* screenSize.swift in Sources */ = {isa = PBXBuildFile; fileRef = 8E6D9B8B1FE8E85700E0E3DC /* screenSize.swift */; };
		8E6D9B931FE8E85800E0E3DC /* Sanamak.json in Resources */ = {isa = PBXBuildFile; fileRef = 8E6D9B8C1FE8E85800E0E3DC /* Sanamak.json */; };
		8E6D9B941FE8E85800E0E3DC /* AllData.json in Resources */ = {isa = PBXBuildFile; fileRef = 8E6D9B8D1FE8E85800E0E3DC /* AllData.json */; };
		8E6D9B951FE8E85800E0E3DC /* ZhanylData.json in Resources */ = {isa = PBXBuildFile; fileRef = 8E6D9B8E1FE8E85800E0E3DC /* ZhanylData.json */; };
		8E6D9B961FE8E85800E0E3DC /* Helpers.swift in Sources */ = {isa = PBXBuildFile; fileRef = 8E6D9B8F1FE8E85800E0E3DC /* Helpers.swift */; };
		8E6D9B991FE8E8D800E0E3DC /* Default-568h@2x.png in Resources */ = {isa = PBXBuildFile; fileRef = 8E6D9B981FE8E8D800E0E3DC /* Default-568h@2x.png */; };
		8E6D9B9D1FE8E90C00E0E3DC /* SanamakScene.swift in Sources */ = {isa = PBXBuildFile; fileRef = 8E6D9B9A1FE8E90C00E0E3DC /* SanamakScene.swift */; };
		8E6D9B9E1FE8E90C00E0E3DC /* ZhanultpashScene.swift in Sources */ = {isa = PBXBuildFile; fileRef = 8E6D9B9B1FE8E90C00E0E3DC /* ZhanultpashScene.swift */; };
		8E6D9B9F1FE8E90C00E0E3DC /* AnderScene.swift in Sources */ = {isa = PBXBuildFile; fileRef = 8E6D9B9C1FE8E90C00E0E3DC /* AnderScene.swift */; };
		8E6D9BA81FE8E93700E0E3DC /* menuNodes.swift in Sources */ = {isa = PBXBuildFile; fileRef = 8E6D9BA11FE8E93700E0E3DC /* menuNodes.swift */; };
		8E6D9BA91FE8E93700E0E3DC /* TakpakDeatils.swift in Sources */ = {isa = PBXBuildFile; fileRef = 8E6D9BA21FE8E93700E0E3DC /* TakpakDeatils.swift */; };
		8E6D9BAA1FE8E93700E0E3DC /* takpakView.swift in Sources */ = {isa = PBXBuildFile; fileRef = 8E6D9BA31FE8E93700E0E3DC /* takpakView.swift */; };
		8E6D9BAB1FE8E93700E0E3DC /* SanamakDetails.swift in Sources */ = {isa = PBXBuildFile; fileRef = 8E6D9BA41FE8E93700E0E3DC /* SanamakDetails.swift */; };
		8E6D9BAC1FE8E93700E0E3DC /* AnderDetails.swift in Sources */ = {isa = PBXBuildFile; fileRef = 8E6D9BA51FE8E93700E0E3DC /* AnderDetails.swift */; };
		8E6D9BAD1FE8E93700E0E3DC /* anderNodes.swift in Sources */ = {isa = PBXBuildFile; fileRef = 8E6D9BA61FE8E93700E0E3DC /* anderNodes.swift */; };
		8E6D9BAE1FE8E93700E0E3DC /* ZhanyltDetails.swift in Sources */ = {isa = PBXBuildFile; fileRef = 8E6D9BA71FE8E93700E0E3DC /* ZhanyltDetails.swift */; };
		8E6D9BB61FE8E95000E0E3DC /* DefaultBGImage.swift in Sources */ = {isa = PBXBuildFile; fileRef = 8E6D9BB01FE8E95000E0E3DC /* DefaultBGImage.swift */; };
		8E6D9BB71FE8E95000E0E3DC /* CollectionViewDetails.swift in Sources */ = {isa = PBXBuildFile; fileRef = 8E6D9BB11FE8E95000E0E3DC /* CollectionViewDetails.swift */; };
		8E6D9BB81FE8E95000E0E3DC /* ProgressBar.swift in Sources */ = {isa = PBXBuildFile; fileRef = 8E6D9BB21FE8E95000E0E3DC /* ProgressBar.swift */; };
		8E6D9BB91FE8E95000E0E3DC /* LabelView.swift in Sources */ = {isa = PBXBuildFile; fileRef = 8E6D9BB31FE8E95000E0E3DC /* LabelView.swift */; };
		8E6D9BBA1FE8E95000E0E3DC /* CLImage.swift in Sources */ = {isa = PBXBuildFile; fileRef = 8E6D9BB41FE8E95000E0E3DC /* CLImage.swift */; };
		8E6D9BBB1FE8E95000E0E3DC /* BackgroundView.swift in Sources */ = {isa = PBXBuildFile; fileRef = 8E6D9BB51FE8E95000E0E3DC /* BackgroundView.swift */; };
		8E6D9BC11FE8E97A00E0E3DC /* ZhanyltpashExtensionV.swift in Sources */ = {isa = PBXBuildFile; fileRef = 8E6D9BBD1FE8E97A00E0E3DC /* ZhanyltpashExtensionV.swift */; };
		8E6D9BC21FE8E97A00E0E3DC /* AnderExtensionV.swift in Sources */ = {isa = PBXBuildFile; fileRef = 8E6D9BBE1FE8E97A00E0E3DC /* AnderExtensionV.swift */; };
		8E6D9BC31FE8E97A00E0E3DC /* SanamakExtensionV.swift in Sources */ = {isa = PBXBuildFile; fileRef = 8E6D9BBF1FE8E97A00E0E3DC /* SanamakExtensionV.swift */; };
		8E6D9BC41FE8E97A00E0E3DC /* TakpaktarExtensionV.swift in Sources */ = {isa = PBXBuildFile; fileRef = 8E6D9BC01FE8E97A00E0E3DC /* TakpaktarExtensionV.swift */; };
		8E6D9BDE1FE8EB4A00E0E3DC /* HelveticaMedCd.ttf in Resources */ = {isa = PBXBuildFile; fileRef = 8E6D9B971FE8E86D00E0E3DC /* HelveticaMedCd.ttf */; };
		8E6D9BE11FE8EBDF00E0E3DC /* MyParticle.sks in Resources */ = {isa = PBXBuildFile; fileRef = 8E6D9BDF1FE8EBDF00E0E3DC /* MyParticle.sks */; };
		8E6D9BE21FE8EBDF00E0E3DC /* Assets.xcassets in Resources */ = {isa = PBXBuildFile; fileRef = 8E6D9BE01FE8EBDF00E0E3DC /* Assets.xcassets */; };
		8E74745E1FF0BD9F0004B971 /* other-music-loops-08610001.mp3 in Resources */ = {isa = PBXBuildFile; fileRef = 8E74745D1FF0BD9F0004B971 /* other-music-loops-08610001.mp3 */; };
		8E74746A1FF0BDC30004B971 /* 8.mp3 in Resources */ = {isa = PBXBuildFile; fileRef = 8E74745F1FF0BDC20004B971 /* 8.mp3 */; };
		8E74746B1FF0BDC30004B971 /* 11.mp3 in Resources */ = {isa = PBXBuildFile; fileRef = 8E7474601FF0BDC20004B971 /* 11.mp3 */; };
		8E74746C1FF0BDC30004B971 /* 2.mp3 in Resources */ = {isa = PBXBuildFile; fileRef = 8E7474611FF0BDC20004B971 /* 2.mp3 */; };
		8E74746D1FF0BDC30004B971 /* 7.mp3 in Resources */ = {isa = PBXBuildFile; fileRef = 8E7474621FF0BDC20004B971 /* 7.mp3 */; };
		8E74746E1FF0BDC30004B971 /* 4.mp3 in Resources */ = {isa = PBXBuildFile; fileRef = 8E7474631FF0BDC30004B971 /* 4.mp3 */; };
		8E74746F1FF0BDC30004B971 /* 5.mp3 in Resources */ = {isa = PBXBuildFile; fileRef = 8E7474641FF0BDC30004B971 /* 5.mp3 */; };
		8E7474701FF0BDC30004B971 /* 6.mp3 in Resources */ = {isa = PBXBuildFile; fileRef = 8E7474651FF0BDC30004B971 /* 6.mp3 */; };
		8E7474711FF0BDC30004B971 /* 9.mp3 in Resources */ = {isa = PBXBuildFile; fileRef = 8E7474661FF0BDC30004B971 /* 9.mp3 */; };
		8E7474721FF0BDC30004B971 /* 10.mp3 in Resources */ = {isa = PBXBuildFile; fileRef = 8E7474671FF0BDC30004B971 /* 10.mp3 */; };
		8E7474731FF0BDC30004B971 /* 3.mp3 in Resources */ = {isa = PBXBuildFile; fileRef = 8E7474681FF0BDC30004B971 /* 3.mp3 */; };
		8E7474741FF0BDC30004B971 /* 1.mp3 in Resources */ = {isa = PBXBuildFile; fileRef = 8E7474691FF0BDC30004B971 /* 1.mp3 */; };
		9D76546255D14CDEE7E5624E /* Pods_Botakan.framework in Frameworks */ = {isa = PBXBuildFile; fileRef = 8C4FC35A0B099ABA6465B19C /* Pods_Botakan.framework */; };
/* End PBXBuildFile section */

/* Begin PBXFileReference section */
		69C7AE5FBE1911598AF36CF5 /* Pods-Botakan.release.xcconfig */ = {isa = PBXFileReference; includeInIndex = 1; lastKnownFileType = text.xcconfig; name = "Pods-Botakan.release.xcconfig"; path = "Pods/Target Support Files/Pods-Botakan/Pods-Botakan.release.xcconfig"; sourceTree = "<group>"; };
		8C4FC35A0B099ABA6465B19C /* Pods_Botakan.framework */ = {isa = PBXFileReference; explicitFileType = wrapper.framework; includeInIndex = 0; path = Pods_Botakan.framework; sourceTree = BUILT_PRODUCTS_DIR; };
		8E6D9B691FE8E5C700E0E3DC /* Botakan.app */ = {isa = PBXFileReference; explicitFileType = wrapper.application; includeInIndex = 0; path = Botakan.app; sourceTree = BUILT_PRODUCTS_DIR; };
		8E6D9B6C1FE8E5C700E0E3DC /* AppDelegate.swift */ = {isa = PBXFileReference; lastKnownFileType = sourcecode.swift; path = AppDelegate.swift; sourceTree = "<group>"; };
		8E6D9B721FE8E5C700E0E3DC /* GameScene.swift */ = {isa = PBXFileReference; lastKnownFileType = sourcecode.swift; path = GameScene.swift; sourceTree = "<group>"; };
		8E6D9B741FE8E5C700E0E3DC /* GameViewController.swift */ = {isa = PBXFileReference; lastKnownFileType = sourcecode.swift; path = GameViewController.swift; sourceTree = "<group>"; };
		8E6D9B771FE8E5C700E0E3DC /* Base */ = {isa = PBXFileReference; lastKnownFileType = file.storyboard; name = Base; path = Base.lproj/Main.storyboard; sourceTree = "<group>"; };
		8E6D9B791FE8E5C700E0E3DC /* Assets.xcassets */ = {isa = PBXFileReference; lastKnownFileType = folder.assetcatalog; path = Assets.xcassets; sourceTree = "<group>"; };
		8E6D9B7C1FE8E5C700E0E3DC /* Base */ = {isa = PBXFileReference; lastKnownFileType = file.storyboard; name = Base; path = Base.lproj/LaunchScreen.storyboard; sourceTree = "<group>"; };
		8E6D9B7E1FE8E5C700E0E3DC /* Info.plist */ = {isa = PBXFileReference; lastKnownFileType = text.plist.xml; path = Info.plist; sourceTree = "<group>"; };
		8E6D9B891FE8E85700E0E3DC /* AnderData.json */ = {isa = PBXFileReference; fileEncoding = 4; lastKnownFileType = text.json; path = AnderData.json; sourceTree = "<group>"; };
		8E6D9B8A1FE8E85700E0E3DC /* ParsingJSON.swift */ = {isa = PBXFileReference; fileEncoding = 4; lastKnownFileType = sourcecode.swift; path = ParsingJSON.swift; sourceTree = "<group>"; };
		8E6D9B8B1FE8E85700E0E3DC /* screenSize.swift */ = {isa = PBXFileReference; fileEncoding = 4; lastKnownFileType = sourcecode.swift; path = screenSize.swift; sourceTree = "<group>"; };
		8E6D9B8C1FE8E85800E0E3DC /* Sanamak.json */ = {isa = PBXFileReference; fileEncoding = 4; lastKnownFileType = text.json; path = Sanamak.json; sourceTree = "<group>"; };
		8E6D9B8D1FE8E85800E0E3DC /* AllData.json */ = {isa = PBXFileReference; fileEncoding = 4; lastKnownFileType = text.json; path = AllData.json; sourceTree = "<group>"; };
		8E6D9B8E1FE8E85800E0E3DC /* ZhanylData.json */ = {isa = PBXFileReference; fileEncoding = 4; lastKnownFileType = text.json; path = ZhanylData.json; sourceTree = "<group>"; };
		8E6D9B8F1FE8E85800E0E3DC /* Helpers.swift */ = {isa = PBXFileReference; fileEncoding = 4; lastKnownFileType = sourcecode.swift; path = Helpers.swift; sourceTree = "<group>"; };
		8E6D9B971FE8E86D00E0E3DC /* HelveticaMedCd.ttf */ = {isa = PBXFileReference; lastKnownFileType = file; path = HelveticaMedCd.ttf; sourceTree = "<group>"; };
		8E6D9B981FE8E8D800E0E3DC /* Default-568h@2x.png */ = {isa = PBXFileReference; lastKnownFileType = image.png; path = "Default-568h@2x.png"; sourceTree = "<group>"; };
		8E6D9B9A1FE8E90C00E0E3DC /* SanamakScene.swift */ = {isa = PBXFileReference; fileEncoding = 4; lastKnownFileType = sourcecode.swift; name = SanamakScene.swift; path = "../../../../Downloads/instaMama-master-2/mamakaz/MainView/SanamakScene.swift"; sourceTree = "<group>"; };
		8E6D9B9B1FE8E90C00E0E3DC /* ZhanultpashScene.swift */ = {isa = PBXFileReference; fileEncoding = 4; lastKnownFileType = sourcecode.swift; name = ZhanultpashScene.swift; path = "../../../../Downloads/instaMama-master-2/mamakaz/MainView/ZhanultpashScene.swift"; sourceTree = "<group>"; };
		8E6D9B9C1FE8E90C00E0E3DC /* AnderScene.swift */ = {isa = PBXFileReference; fileEncoding = 4; lastKnownFileType = sourcecode.swift; name = AnderScene.swift; path = "../../../../Downloads/instaMama-master-2/mamakaz/MainView/AnderScene.swift"; sourceTree = "<group>"; };
		8E6D9BA11FE8E93700E0E3DC /* menuNodes.swift */ = {isa = PBXFileReference; fileEncoding = 4; lastKnownFileType = sourcecode.swift; name = menuNodes.swift; path = "../../../../Downloads/instaMama-master-2/mamakaz/ViewNodes/menuNodes.swift"; sourceTree = "<group>"; };
		8E6D9BA21FE8E93700E0E3DC /* TakpakDeatils.swift */ = {isa = PBXFileReference; fileEncoding = 4; lastKnownFileType = sourcecode.swift; name = TakpakDeatils.swift; path = "../../../../Downloads/instaMama-master-2/mamakaz/ViewNodes/TakpakDeatils.swift"; sourceTree = "<group>"; };
		8E6D9BA31FE8E93700E0E3DC /* takpakView.swift */ = {isa = PBXFileReference; fileEncoding = 4; lastKnownFileType = sourcecode.swift; name = takpakView.swift; path = "../../../../Downloads/instaMama-master-2/mamakaz/ViewNodes/takpakView.swift"; sourceTree = "<group>"; };
		8E6D9BA41FE8E93700E0E3DC /* SanamakDetails.swift */ = {isa = PBXFileReference; fileEncoding = 4; lastKnownFileType = sourcecode.swift; name = SanamakDetails.swift; path = "../../../../Downloads/instaMama-master-2/mamakaz/ViewNodes/SanamakDetails.swift"; sourceTree = "<group>"; };
		8E6D9BA51FE8E93700E0E3DC /* AnderDetails.swift */ = {isa = PBXFileReference; fileEncoding = 4; lastKnownFileType = sourcecode.swift; name = AnderDetails.swift; path = "../../../../Downloads/instaMama-master-2/mamakaz/ViewNodes/AnderDetails.swift"; sourceTree = "<group>"; };
		8E6D9BA61FE8E93700E0E3DC /* anderNodes.swift */ = {isa = PBXFileReference; fileEncoding = 4; lastKnownFileType = sourcecode.swift; name = anderNodes.swift; path = "../../../../Downloads/instaMama-master-2/mamakaz/ViewNodes/anderNodes.swift"; sourceTree = "<group>"; };
		8E6D9BA71FE8E93700E0E3DC /* ZhanyltDetails.swift */ = {isa = PBXFileReference; fileEncoding = 4; lastKnownFileType = sourcecode.swift; name = ZhanyltDetails.swift; path = "../../../../Downloads/instaMama-master-2/mamakaz/ViewNodes/ZhanyltDetails.swift"; sourceTree = "<group>"; };
		8E6D9BB01FE8E95000E0E3DC /* DefaultBGImage.swift */ = {isa = PBXFileReference; fileEncoding = 4; lastKnownFileType = sourcecode.swift; name = DefaultBGImage.swift; path = "../../../../../Downloads/instaMama-master-2/mamakaz/ViewNodes/View/DefaultBGImage.swift"; sourceTree = "<group>"; };
		8E6D9BB11FE8E95000E0E3DC /* CollectionViewDetails.swift */ = {isa = PBXFileReference; fileEncoding = 4; lastKnownFileType = sourcecode.swift; name = CollectionViewDetails.swift; path = "../../../../../Downloads/instaMama-master-2/mamakaz/ViewNodes/View/CollectionViewDetails.swift"; sourceTree = "<group>"; };
		8E6D9BB21FE8E95000E0E3DC /* ProgressBar.swift */ = {isa = PBXFileReference; fileEncoding = 4; lastKnownFileType = sourcecode.swift; name = ProgressBar.swift; path = "../../../../../Downloads/instaMama-master-2/mamakaz/ViewNodes/View/ProgressBar.swift"; sourceTree = "<group>"; };
		8E6D9BB31FE8E95000E0E3DC /* LabelView.swift */ = {isa = PBXFileReference; fileEncoding = 4; lastKnownFileType = sourcecode.swift; name = LabelView.swift; path = "../../../../../Downloads/instaMama-master-2/mamakaz/ViewNodes/View/LabelView.swift"; sourceTree = "<group>"; };
		8E6D9BB41FE8E95000E0E3DC /* CLImage.swift */ = {isa = PBXFileReference; fileEncoding = 4; lastKnownFileType = sourcecode.swift; name = CLImage.swift; path = "../../../../../Downloads/instaMama-master-2/mamakaz/ViewNodes/View/CLImage.swift"; sourceTree = "<group>"; };
		8E6D9BB51FE8E95000E0E3DC /* BackgroundView.swift */ = {isa = PBXFileReference; fileEncoding = 4; lastKnownFileType = sourcecode.swift; name = BackgroundView.swift; path = "../../../../../Downloads/instaMama-master-2/mamakaz/ViewNodes/View/BackgroundView.swift"; sourceTree = "<group>"; };
		8E6D9BBD1FE8E97A00E0E3DC /* ZhanyltpashExtensionV.swift */ = {isa = PBXFileReference; fileEncoding = 4; lastKnownFileType = sourcecode.swift; name = ZhanyltpashExtensionV.swift; path = "../../../../Downloads/instaMama-master-2/mamakaz/Extension/ZhanyltpashExtensionV.swift"; sourceTree = "<group>"; };
		8E6D9BBE1FE8E97A00E0E3DC /* AnderExtensionV.swift */ = {isa = PBXFileReference; fileEncoding = 4; lastKnownFileType = sourcecode.swift; name = AnderExtensionV.swift; path = "../../../../Downloads/instaMama-master-2/mamakaz/Extension/AnderExtensionV.swift"; sourceTree = "<group>"; };
		8E6D9BBF1FE8E97A00E0E3DC /* SanamakExtensionV.swift */ = {isa = PBXFileReference; fileEncoding = 4; lastKnownFileType = sourcecode.swift; name = SanamakExtensionV.swift; path = "../../../../Downloads/instaMama-master-2/mamakaz/Extension/SanamakExtensionV.swift"; sourceTree = "<group>"; };
		8E6D9BC01FE8E97A00E0E3DC /* TakpaktarExtensionV.swift */ = {isa = PBXFileReference; fileEncoding = 4; lastKnownFileType = sourcecode.swift; name = TakpaktarExtensionV.swift; path = "../../../../Downloads/instaMama-master-2/mamakaz/Extension/TakpaktarExtensionV.swift"; sourceTree = "<group>"; };
		8E6D9BDF1FE8EBDF00E0E3DC /* MyParticle.sks */ = {isa = PBXFileReference; lastKnownFileType = file.sks; name = MyParticle.sks; path = Botakan/Media/MyParticle.sks; sourceTree = SOURCE_ROOT; };
		8E6D9BE01FE8EBDF00E0E3DC /* Assets.xcassets */ = {isa = PBXFileReference; lastKnownFileType = folder.assetcatalog; name = Assets.xcassets; path = Botakan/Media/Assets.xcassets; sourceTree = SOURCE_ROOT; };
		8E74745D1FF0BD9F0004B971 /* other-music-loops-08610001.mp3 */ = {isa = PBXFileReference; lastKnownFileType = audio.mp3; name = "other-music-loops-08610001.mp3"; path = "../../../BOTS/other-music-loops-08610001.mp3"; sourceTree = "<group>"; };
		8E74745F1FF0BDC20004B971 /* 8.mp3 */ = {isa = PBXFileReference; lastKnownFileType = audio.mp3; name = 8.mp3; path = "../../../BOTS/zima music/8.mp3"; sourceTree = "<group>"; };
		8E7474601FF0BDC20004B971 /* 11.mp3 */ = {isa = PBXFileReference; lastKnownFileType = audio.mp3; name = 11.mp3; path = "../../../BOTS/zima music/11.mp3"; sourceTree = "<group>"; };
		8E7474611FF0BDC20004B971 /* 2.mp3 */ = {isa = PBXFileReference; lastKnownFileType = audio.mp3; name = 2.mp3; path = "../../../BOTS/zima music/2.mp3"; sourceTree = "<group>"; };
		8E7474621FF0BDC20004B971 /* 7.mp3 */ = {isa = PBXFileReference; lastKnownFileType = audio.mp3; name = 7.mp3; path = "../../../BOTS/zima music/7.mp3"; sourceTree = "<group>"; };
		8E7474631FF0BDC30004B971 /* 4.mp3 */ = {isa = PBXFileReference; lastKnownFileType = audio.mp3; name = 4.mp3; path = "../../../BOTS/zima music/4.mp3"; sourceTree = "<group>"; };
		8E7474641FF0BDC30004B971 /* 5.mp3 */ = {isa = PBXFileReference; lastKnownFileType = audio.mp3; name = 5.mp3; path = "../../../BOTS/zima music/5.mp3"; sourceTree = "<group>"; };
		8E7474651FF0BDC30004B971 /* 6.mp3 */ = {isa = PBXFileReference; lastKnownFileType = audio.mp3; name = 6.mp3; path = "../../../BOTS/zima music/6.mp3"; sourceTree = "<group>"; };
		8E7474661FF0BDC30004B971 /* 9.mp3 */ = {isa = PBXFileReference; lastKnownFileType = audio.mp3; name = 9.mp3; path = "../../../BOTS/zima music/9.mp3"; sourceTree = "<group>"; };
		8E7474671FF0BDC30004B971 /* 10.mp3 */ = {isa = PBXFileReference; lastKnownFileType = audio.mp3; name = 10.mp3; path = "../../../BOTS/zima music/10.mp3"; sourceTree = "<group>"; };
		8E7474681FF0BDC30004B971 /* 3.mp3 */ = {isa = PBXFileReference; lastKnownFileType = audio.mp3; name = 3.mp3; path = "../../../BOTS/zima music/3.mp3"; sourceTree = "<group>"; };
		8E7474691FF0BDC30004B971 /* 1.mp3 */ = {isa = PBXFileReference; lastKnownFileType = audio.mp3; name = 1.mp3; path = "../../../BOTS/zima music/1.mp3"; sourceTree = "<group>"; };
		DDC95B2DBF50FCAD9CDC1E7F /* Pods-Botakan.debug.xcconfig */ = {isa = PBXFileReference; includeInIndex = 1; lastKnownFileType = text.xcconfig; name = "Pods-Botakan.debug.xcconfig"; path = "Pods/Target Support Files/Pods-Botakan/Pods-Botakan.debug.xcconfig"; sourceTree = "<group>"; };
/* End PBXFileReference section */

/* Begin PBXFrameworksBuildPhase section */
		8E6D9B661FE8E5C700E0E3DC /* Frameworks */ = {
			isa = PBXFrameworksBuildPhase;
			buildActionMask = 2147483647;
			files = (
				9D76546255D14CDEE7E5624E /* Pods_Botakan.framework in Frameworks */,
			);
			runOnlyForDeploymentPostprocessing = 0;
		};
/* End PBXFrameworksBuildPhase section */

/* Begin PBXGroup section */
		49297B44BE742846F57007CC /* Frameworks */ = {
			isa = PBXGroup;
			children = (
				8C4FC35A0B099ABA6465B19C /* Pods_Botakan.framework */,
			);
			name = Frameworks;
			sourceTree = "<group>";
		};
		810485A6B5B84D8826EA9840 /* Pods */ = {
			isa = PBXGroup;
			children = (
				DDC95B2DBF50FCAD9CDC1E7F /* Pods-Botakan.debug.xcconfig */,
				69C7AE5FBE1911598AF36CF5 /* Pods-Botakan.release.xcconfig */,
			);
			name = Pods;
			sourceTree = "<group>";
		};
		8E6D9B601FE8E5C700E0E3DC = {
			isa = PBXGroup;
			children = (
				8E6D9B981FE8E8D800E0E3DC /* Default-568h@2x.png */,
				8E6D9B6B1FE8E5C700E0E3DC /* Botakan */,
				8E6D9B6A1FE8E5C700E0E3DC /* Products */,
				810485A6B5B84D8826EA9840 /* Pods */,
				49297B44BE742846F57007CC /* Frameworks */,
			);
			sourceTree = "<group>";
		};
		8E6D9B6A1FE8E5C700E0E3DC /* Products */ = {
			isa = PBXGroup;
			children = (
				8E6D9B691FE8E5C700E0E3DC /* Botakan.app */,
			);
			name = Products;
			sourceTree = "<group>";
		};
		8E6D9B6B1FE8E5C700E0E3DC /* Botakan */ = {
			isa = PBXGroup;
			children = (
				8E6D9B841FE8E7E800E0E3DC /* Others */,
				8E6D9B851FE8E7FE00E0E3DC /* MainView */,
				8E6D9BA01FE8E91200E0E3DC /* ViewNodes */,
				8E6D9B791FE8E5C700E0E3DC /* Assets.xcassets */,
				8E6D9B7E1FE8E5C700E0E3DC /* Info.plist */,
				8E6D9BC51FE8EAAA00E0E3DC /* Media */,
				8E6D9BBC1FE8E96100E0E3DC /* Extension */,
				8E6D9B881FE8E83900E0E3DC /* Helpers */,
			);
			path = Botakan;
			sourceTree = "<group>";
		};
		8E6D9B841FE8E7E800E0E3DC /* Others */ = {
			isa = PBXGroup;
			children = (
				8E6D9B6C1FE8E5C700E0E3DC /* AppDelegate.swift */,
				8E6D9B971FE8E86D00E0E3DC /* HelveticaMedCd.ttf */,
				8E6D9B761FE8E5C700E0E3DC /* Main.storyboard */,
				8E6D9B7B1FE8E5C700E0E3DC /* LaunchScreen.storyboard */,
			);
			path = Others;
			sourceTree = "<group>";
		};
		8E6D9B851FE8E7FE00E0E3DC /* MainView */ = {
			isa = PBXGroup;
			children = (
				8E6D9B721FE8E5C700E0E3DC /* GameScene.swift */,
				8E6D9B9C1FE8E90C00E0E3DC /* AnderScene.swift */,
				8E6D9B9A1FE8E90C00E0E3DC /* SanamakScene.swift */,
				8E6D9B9B1FE8E90C00E0E3DC /* ZhanultpashScene.swift */,
				8E6D9B741FE8E5C700E0E3DC /* GameViewController.swift */,
			);
			path = MainView;
			sourceTree = "<group>";
		};
		8E6D9B881FE8E83900E0E3DC /* Helpers */ = {
			isa = PBXGroup;
			children = (
				8E6D9B8D1FE8E85800E0E3DC /* AllData.json */,
				8E6D9B891FE8E85700E0E3DC /* AnderData.json */,
				8E6D9B8F1FE8E85800E0E3DC /* Helpers.swift */,
				8E6D9B8A1FE8E85700E0E3DC /* ParsingJSON.swift */,
				8E6D9B8C1FE8E85800E0E3DC /* Sanamak.json */,
				8E6D9B8B1FE8E85700E0E3DC /* screenSize.swift */,
				8E6D9B8E1FE8E85800E0E3DC /* ZhanylData.json */,
			);
			path = Helpers;
			sourceTree = "<group>";
		};
		8E6D9BA01FE8E91200E0E3DC /* ViewNodes */ = {
			isa = PBXGroup;
			children = (
				8E6D9BAF1FE8E94000E0E3DC /* Views */,
				8E6D9BA11FE8E93700E0E3DC /* menuNodes.swift */,
				8E6D9BA61FE8E93700E0E3DC /* anderNodes.swift */,
				8E6D9BA71FE8E93700E0E3DC /* ZhanyltDetails.swift */,
				8E6D9BA51FE8E93700E0E3DC /* AnderDetails.swift */,
				8E6D9BA41FE8E93700E0E3DC /* SanamakDetails.swift */,
				8E6D9BA21FE8E93700E0E3DC /* TakpakDeatils.swift */,
				8E6D9BA31FE8E93700E0E3DC /* takpakView.swift */,
				8E6D9BDF1FE8EBDF00E0E3DC /* MyParticle.sks */,
				8E6D9BE01FE8EBDF00E0E3DC /* Assets.xcassets */,
			);
			path = ViewNodes;
			sourceTree = "<group>";
		};
		8E6D9BAF1FE8E94000E0E3DC /* Views */ = {
			isa = PBXGroup;
			children = (
				8E6D9BB51FE8E95000E0E3DC /* BackgroundView.swift */,
				8E6D9BB41FE8E95000E0E3DC /* CLImage.swift */,
				8E6D9BB11FE8E95000E0E3DC /* CollectionViewDetails.swift */,
				8E6D9BB01FE8E95000E0E3DC /* DefaultBGImage.swift */,
				8E6D9BB31FE8E95000E0E3DC /* LabelView.swift */,
				8E6D9BB21FE8E95000E0E3DC /* ProgressBar.swift */,
			);
			path = Views;
			sourceTree = "<group>";
		};
		8E6D9BBC1FE8E96100E0E3DC /* Extension */ = {
			isa = PBXGroup;
			children = (
				8E6D9BBE1FE8E97A00E0E3DC /* AnderExtensionV.swift */,
				8E6D9BBF1FE8E97A00E0E3DC /* SanamakExtensionV.swift */,
				8E6D9BC01FE8E97A00E0E3DC /* TakpaktarExtensionV.swift */,
				8E6D9BBD1FE8E97A00E0E3DC /* ZhanyltpashExtensionV.swift */,
			);
			name = Extension;
			path = ViewNodes;
			sourceTree = "<group>";
		};
		8E6D9BC51FE8EAAA00E0E3DC /* Media */ = {
			isa = PBXGroup;
			children = (
				8E7474691FF0BDC30004B971 /* 1.mp3 */,
				8E7474611FF0BDC20004B971 /* 2.mp3 */,
				8E7474681FF0BDC30004B971 /* 3.mp3 */,
				8E7474631FF0BDC30004B971 /* 4.mp3 */,
				8E7474641FF0BDC30004B971 /* 5.mp3 */,
				8E7474651FF0BDC30004B971 /* 6.mp3 */,
				8E7474621FF0BDC20004B971 /* 7.mp3 */,
				8E74745F1FF0BDC20004B971 /* 8.mp3 */,
				8E7474661FF0BDC30004B971 /* 9.mp3 */,
				8E7474671FF0BDC30004B971 /* 10.mp3 */,
				8E7474601FF0BDC20004B971 /* 11.mp3 */,
				8E74745D1FF0BD9F0004B971 /* other-music-loops-08610001.mp3 */,
			);
			path = Media;
			sourceTree = "<group>";
		};
/* End PBXGroup section */

/* Begin PBXNativeTarget section */
		8E6D9B681FE8E5C700E0E3DC /* Botakan */ = {
			isa = PBXNativeTarget;
			buildConfigurationList = 8E6D9B811FE8E5C700E0E3DC /* Build configuration list for PBXNativeTarget "Botakan" */;
			buildPhases = (
				4307971E1E9916A9421E01D8 /* [CP] Check Pods Manifest.lock */,
				8E6D9B651FE8E5C700E0E3DC /* Sources */,
				8E6D9B661FE8E5C700E0E3DC /* Frameworks */,
				8E6D9B671FE8E5C700E0E3DC /* Resources */,
				0C162C446B02C0A0754FE05A /* [CP] Embed Pods Frameworks */,
				60F4988EDB930C910A05CCF4 /* [CP] Copy Pods Resources */,
			);
			buildRules = (
			);
			dependencies = (
			);
			name = Botakan;
			productName = Botakan;
			productReference = 8E6D9B691FE8E5C700E0E3DC /* Botakan.app */;
			productType = "com.apple.product-type.application";
		};
/* End PBXNativeTarget section */

/* Begin PBXProject section */
		8E6D9B611FE8E5C700E0E3DC /* Project object */ = {
			isa = PBXProject;
			attributes = {
				LastSwiftUpdateCheck = 0920;
				LastUpgradeCheck = 0920;
				ORGANIZATIONNAME = kusainovaka;
				TargetAttributes = {
					8E6D9B681FE8E5C700E0E3DC = {
						CreatedOnToolsVersion = 9.2;
						ProvisioningStyle = Automatic;
					};
				};
			};
			buildConfigurationList = 8E6D9B641FE8E5C700E0E3DC /* Build configuration list for PBXProject "Botakan" */;
			compatibilityVersion = "Xcode 8.0";
			developmentRegion = en;
			hasScannedForEncodings = 0;
			knownRegions = (
				en,
				Base,
			);
			mainGroup = 8E6D9B601FE8E5C700E0E3DC;
			productRefGroup = 8E6D9B6A1FE8E5C700E0E3DC /* Products */;
			projectDirPath = "";
			projectRoot = "";
			targets = (
				8E6D9B681FE8E5C700E0E3DC /* Botakan */,
			);
		};
/* End PBXProject section */

/* Begin PBXResourcesBuildPhase section */
		8E6D9B671FE8E5C700E0E3DC /* Resources */ = {
			isa = PBXResourcesBuildPhase;
			buildActionMask = 2147483647;
			files = (
				8E7474731FF0BDC30004B971 /* 3.mp3 in Resources */,
				8E6D9BDE1FE8EB4A00E0E3DC /* HelveticaMedCd.ttf in Resources */,
				8E6D9BE21FE8EBDF00E0E3DC /* Assets.xcassets in Resources */,
				8E74746B1FF0BDC30004B971 /* 11.mp3 in Resources */,
				8E6D9B781FE8E5C700E0E3DC /* Main.storyboard in Resources */,
				8E6D9B931FE8E85800E0E3DC /* Sanamak.json in Resources */,
				8E7474721FF0BDC30004B971 /* 10.mp3 in Resources */,
				8E6D9B7A1FE8E5C700E0E3DC /* Assets.xcassets in Resources */,
				8E74746F1FF0BDC30004B971 /* 5.mp3 in Resources */,
				8E6D9B951FE8E85800E0E3DC /* ZhanylData.json in Resources */,
				8E7474711FF0BDC30004B971 /* 9.mp3 in Resources */,
				8E6D9B941FE8E85800E0E3DC /* AllData.json in Resources */,
				8E74746E1FF0BDC30004B971 /* 4.mp3 in Resources */,
				8E6D9B991FE8E8D800E0E3DC /* Default-568h@2x.png in Resources */,
				8E6D9B901FE8E85800E0E3DC /* AnderData.json in Resources */,
				8E74746D1FF0BDC30004B971 /* 7.mp3 in Resources */,
				8E6D9B7D1FE8E5C700E0E3DC /* LaunchScreen.storyboard in Resources */,
				8E6D9BE11FE8EBDF00E0E3DC /* MyParticle.sks in Resources */,
				8E74746C1FF0BDC30004B971 /* 2.mp3 in Resources */,
				8E74745E1FF0BD9F0004B971 /* other-music-loops-08610001.mp3 in Resources */,
				8E7474741FF0BDC30004B971 /* 1.mp3 in Resources */,
				8E7474701FF0BDC30004B971 /* 6.mp3 in Resources */,
				8E74746A1FF0BDC30004B971 /* 8.mp3 in Resources */,
			);
			runOnlyForDeploymentPostprocessing = 0;
		};
/* End PBXResourcesBuildPhase section */

/* Begin PBXShellScriptBuildPhase section */
		0C162C446B02C0A0754FE05A /* [CP] Embed Pods Frameworks */ = {
			isa = PBXShellScriptBuildPhase;
			buildActionMask = 2147483647;
			files = (
			);
			inputPaths = (
				"${SRCROOT}/Pods/Target Support Files/Pods-Botakan/Pods-Botakan-frameworks.sh",
				"${BUILT_PRODUCTS_DIR}/EasyPeasy/EasyPeasy.framework",
			);
			name = "[CP] Embed Pods Frameworks";
			outputPaths = (
				"${TARGET_BUILD_DIR}/${FRAMEWORKS_FOLDER_PATH}/EasyPeasy.framework",
			);
			runOnlyForDeploymentPostprocessing = 0;
			shellPath = /bin/sh;
			shellScript = "\"${SRCROOT}/Pods/Target Support Files/Pods-Botakan/Pods-Botakan-frameworks.sh\"\n";
			showEnvVarsInLog = 0;
		};
		4307971E1E9916A9421E01D8 /* [CP] Check Pods Manifest.lock */ = {
			isa = PBXShellScriptBuildPhase;
			buildActionMask = 2147483647;
			files = (
			);
			inputPaths = (
				"${PODS_PODFILE_DIR_PATH}/Podfile.lock",
				"${PODS_ROOT}/Manifest.lock",
			);
			name = "[CP] Check Pods Manifest.lock";
			outputPaths = (
				"$(DERIVED_FILE_DIR)/Pods-Botakan-checkManifestLockResult.txt",
			);
			runOnlyForDeploymentPostprocessing = 0;
			shellPath = /bin/sh;
			shellScript = "diff \"${PODS_PODFILE_DIR_PATH}/Podfile.lock\" \"${PODS_ROOT}/Manifest.lock\" > /dev/null\nif [ $? != 0 ] ; then\n    # print error to STDERR\n    echo \"error: The sandbox is not in sync with the Podfile.lock. Run 'pod install' or update your CocoaPods installation.\" >&2\n    exit 1\nfi\n# This output is used by Xcode 'outputs' to avoid re-running this script phase.\necho \"SUCCESS\" > \"${SCRIPT_OUTPUT_FILE_0}\"\n";
			showEnvVarsInLog = 0;
		};
		60F4988EDB930C910A05CCF4 /* [CP] Copy Pods Resources */ = {
			isa = PBXShellScriptBuildPhase;
			buildActionMask = 2147483647;
			files = (
			);
			inputPaths = (
			);
			name = "[CP] Copy Pods Resources";
			outputPaths = (
			);
			runOnlyForDeploymentPostprocessing = 0;
			shellPath = /bin/sh;
			shellScript = "\"${SRCROOT}/Pods/Target Support Files/Pods-Botakan/Pods-Botakan-resources.sh\"\n";
			showEnvVarsInLog = 0;
		};
/* End PBXShellScriptBuildPhase section */

/* Begin PBXSourcesBuildPhase section */
		8E6D9B651FE8E5C700E0E3DC /* Sources */ = {
			isa = PBXSourcesBuildPhase;
			buildActionMask = 2147483647;
			files = (
				8E6D9B921FE8E85800E0E3DC /* screenSize.swift in Sources */,
				8E6D9BB81FE8E95000E0E3DC /* ProgressBar.swift in Sources */,
				8E6D9BBB1FE8E95000E0E3DC /* BackgroundView.swift in Sources */,
				8E6D9B9E1FE8E90C00E0E3DC /* ZhanultpashScene.swift in Sources */,
				8E6D9BAA1FE8E93700E0E3DC /* takpakView.swift in Sources */,
				8E6D9BC21FE8E97A00E0E3DC /* AnderExtensionV.swift in Sources */,
				8E6D9B961FE8E85800E0E3DC /* Helpers.swift in Sources */,
				8E6D9BBA1FE8E95000E0E3DC /* CLImage.swift in Sources */,
				8E6D9BA91FE8E93700E0E3DC /* TakpakDeatils.swift in Sources */,
				8E6D9BC11FE8E97A00E0E3DC /* ZhanyltpashExtensionV.swift in Sources */,
				8E6D9B731FE8E5C700E0E3DC /* GameScene.swift in Sources */,
				8E6D9BA81FE8E93700E0E3DC /* menuNodes.swift in Sources */,
				8E6D9BAC1FE8E93700E0E3DC /* AnderDetails.swift in Sources */,
				8E6D9BB91FE8E95000E0E3DC /* LabelView.swift in Sources */,
				8E6D9BC31FE8E97A00E0E3DC /* SanamakExtensionV.swift in Sources */,
				8E6D9B9F1FE8E90C00E0E3DC /* AnderScene.swift in Sources */,
				8E6D9B751FE8E5C700E0E3DC /* GameViewController.swift in Sources */,
				8E6D9B911FE8E85800E0E3DC /* ParsingJSON.swift in Sources */,
				8E6D9BB71FE8E95000E0E3DC /* CollectionViewDetails.swift in Sources */,
				8E6D9B9D1FE8E90C00E0E3DC /* SanamakScene.swift in Sources */,
				8E6D9BC41FE8E97A00E0E3DC /* TakpaktarExtensionV.swift in Sources */,
				8E6D9BAD1FE8E93700E0E3DC /* anderNodes.swift in Sources */,
				8E6D9B6D1FE8E5C700E0E3DC /* AppDelegate.swift in Sources */,
				8E6D9BB61FE8E95000E0E3DC /* DefaultBGImage.swift in Sources */,
				8E6D9BAB1FE8E93700E0E3DC /* SanamakDetails.swift in Sources */,
				8E6D9BAE1FE8E93700E0E3DC /* ZhanyltDetails.swift in Sources */,
			);
			runOnlyForDeploymentPostprocessing = 0;
		};
/* End PBXSourcesBuildPhase section */

/* Begin PBXVariantGroup section */
		8E6D9B761FE8E5C700E0E3DC /* Main.storyboard */ = {
			isa = PBXVariantGroup;
			children = (
				8E6D9B771FE8E5C700E0E3DC /* Base */,
			);
			name = Main.storyboard;
			sourceTree = "<group>";
		};
		8E6D9B7B1FE8E5C700E0E3DC /* LaunchScreen.storyboard */ = {
			isa = PBXVariantGroup;
			children = (
				8E6D9B7C1FE8E5C700E0E3DC /* Base */,
			);
			name = LaunchScreen.storyboard;
			sourceTree = "<group>";
		};
/* End PBXVariantGroup section */

/* Begin XCBuildConfiguration section */
		8E6D9B7F1FE8E5C700E0E3DC /* Debug */ = {
			isa = XCBuildConfiguration;
			buildSettings = {
				ALWAYS_SEARCH_USER_PATHS = NO;
				CLANG_ANALYZER_NONNULL = YES;
				CLANG_ANALYZER_NUMBER_OBJECT_CONVERSION = YES_AGGRESSIVE;
				CLANG_CXX_LANGUAGE_STANDARD = "gnu++14";
				CLANG_CXX_LIBRARY = "libc++";
				CLANG_ENABLE_MODULES = YES;
				CLANG_ENABLE_OBJC_ARC = YES;
				CLANG_WARN_BLOCK_CAPTURE_AUTORELEASING = YES;
				CLANG_WARN_BOOL_CONVERSION = YES;
				CLANG_WARN_COMMA = YES;
				CLANG_WARN_CONSTANT_CONVERSION = YES;
				CLANG_WARN_DIRECT_OBJC_ISA_USAGE = YES_ERROR;
				CLANG_WARN_DOCUMENTATION_COMMENTS = YES;
				CLANG_WARN_EMPTY_BODY = YES;
				CLANG_WARN_ENUM_CONVERSION = YES;
				CLANG_WARN_INFINITE_RECURSION = YES;
				CLANG_WARN_INT_CONVERSION = YES;
				CLANG_WARN_NON_LITERAL_NULL_CONVERSION = YES;
				CLANG_WARN_OBJC_LITERAL_CONVERSION = YES;
				CLANG_WARN_OBJC_ROOT_CLASS = YES_ERROR;
				CLANG_WARN_RANGE_LOOP_ANALYSIS = YES;
				CLANG_WARN_STRICT_PROTOTYPES = YES;
				CLANG_WARN_SUSPICIOUS_MOVE = YES;
				CLANG_WARN_UNGUARDED_AVAILABILITY = YES_AGGRESSIVE;
				CLANG_WARN_UNREACHABLE_CODE = YES;
				CLANG_WARN__DUPLICATE_METHOD_MATCH = YES;
				CODE_SIGN_IDENTITY = "iPhone Developer";
				COPY_PHASE_STRIP = NO;
				DEBUG_INFORMATION_FORMAT = dwarf;
				ENABLE_STRICT_OBJC_MSGSEND = YES;
				ENABLE_TESTABILITY = YES;
				GCC_C_LANGUAGE_STANDARD = gnu11;
				GCC_DYNAMIC_NO_PIC = NO;
				GCC_NO_COMMON_BLOCKS = YES;
				GCC_OPTIMIZATION_LEVEL = 0;
				GCC_PREPROCESSOR_DEFINITIONS = (
					"DEBUG=1",
					"$(inherited)",
				);
				GCC_WARN_64_TO_32_BIT_CONVERSION = YES;
				GCC_WARN_ABOUT_RETURN_TYPE = YES_ERROR;
				GCC_WARN_UNDECLARED_SELECTOR = YES;
				GCC_WARN_UNINITIALIZED_AUTOS = YES_AGGRESSIVE;
				GCC_WARN_UNUSED_FUNCTION = YES;
				GCC_WARN_UNUSED_VARIABLE = YES;
				IPHONEOS_DEPLOYMENT_TARGET = 11.2;
				MTL_ENABLE_DEBUG_INFO = YES;
				ONLY_ACTIVE_ARCH = YES;
				SDKROOT = iphoneos;
				SWIFT_ACTIVE_COMPILATION_CONDITIONS = DEBUG;
				SWIFT_OPTIMIZATION_LEVEL = "-Onone";
			};
			name = Debug;
		};
		8E6D9B801FE8E5C700E0E3DC /* Release */ = {
			isa = XCBuildConfiguration;
			buildSettings = {
				ALWAYS_SEARCH_USER_PATHS = NO;
				CLANG_ANALYZER_NONNULL = YES;
				CLANG_ANALYZER_NUMBER_OBJECT_CONVERSION = YES_AGGRESSIVE;
				CLANG_CXX_LANGUAGE_STANDARD = "gnu++14";
				CLANG_CXX_LIBRARY = "libc++";
				CLANG_ENABLE_MODULES = YES;
				CLANG_ENABLE_OBJC_ARC = YES;
				CLANG_WARN_BLOCK_CAPTURE_AUTORELEASING = YES;
				CLANG_WARN_BOOL_CONVERSION = YES;
				CLANG_WARN_COMMA = YES;
				CLANG_WARN_CONSTANT_CONVERSION = YES;
				CLANG_WARN_DIRECT_OBJC_ISA_USAGE = YES_ERROR;
				CLANG_WARN_DOCUMENTATION_COMMENTS = YES;
				CLANG_WARN_EMPTY_BODY = YES;
				CLANG_WARN_ENUM_CONVERSION = YES;
				CLANG_WARN_INFINITE_RECURSION = YES;
				CLANG_WARN_INT_CONVERSION = YES;
				CLANG_WARN_NON_LITERAL_NULL_CONVERSION = YES;
				CLANG_WARN_OBJC_LITERAL_CONVERSION = YES;
				CLANG_WARN_OBJC_ROOT_CLASS = YES_ERROR;
				CLANG_WARN_RANGE_LOOP_ANALYSIS = YES;
				CLANG_WARN_STRICT_PROTOTYPES = YES;
				CLANG_WARN_SUSPICIOUS_MOVE = YES;
				CLANG_WARN_UNGUARDED_AVAILABILITY = YES_AGGRESSIVE;
				CLANG_WARN_UNREACHABLE_CODE = YES;
				CLANG_WARN__DUPLICATE_METHOD_MATCH = YES;
				CODE_SIGN_IDENTITY = "iPhone Developer";
				COPY_PHASE_STRIP = NO;
				DEBUG_INFORMATION_FORMAT = "dwarf-with-dsym";
				ENABLE_NS_ASSERTIONS = NO;
				ENABLE_STRICT_OBJC_MSGSEND = YES;
				GCC_C_LANGUAGE_STANDARD = gnu11;
				GCC_NO_COMMON_BLOCKS = YES;
				GCC_WARN_64_TO_32_BIT_CONVERSION = YES;
				GCC_WARN_ABOUT_RETURN_TYPE = YES_ERROR;
				GCC_WARN_UNDECLARED_SELECTOR = YES;
				GCC_WARN_UNINITIALIZED_AUTOS = YES_AGGRESSIVE;
				GCC_WARN_UNUSED_FUNCTION = YES;
				GCC_WARN_UNUSED_VARIABLE = YES;
				IPHONEOS_DEPLOYMENT_TARGET = 11.2;
				MTL_ENABLE_DEBUG_INFO = NO;
				SDKROOT = iphoneos;
				SWIFT_OPTIMIZATION_LEVEL = "-Owholemodule";
				VALIDATE_PRODUCT = YES;
			};
			name = Release;
		};
		8E6D9B821FE8E5C700E0E3DC /* Debug */ = {
			isa = XCBuildConfiguration;
			baseConfigurationReference = DDC95B2DBF50FCAD9CDC1E7F /* Pods-Botakan.debug.xcconfig */;
			buildSettings = {
				ASSETCATALOG_COMPILER_APPICON_NAME = AppIcon;
				CODE_SIGN_STYLE = Automatic;
				DEVELOPMENT_TEAM = 3456T57P5Z;
				INFOPLIST_FILE = Botakan/Info.plist;
				IPHONEOS_DEPLOYMENT_TARGET = 10.3;
				LD_RUNPATH_SEARCH_PATHS = "$(inherited) @executable_path/Frameworks";
				PRODUCT_BUNDLE_IDENTIFIER = kamila.instamamakaz;
				PRODUCT_NAME = "$(TARGET_NAME)";
				SWIFT_VERSION = 4.0;
				TARGETED_DEVICE_FAMILY = "1,2";
			};
			name = Debug;
		};
		8E6D9B831FE8E5C700E0E3DC /* Release */ = {
			isa = XCBuildConfiguration;
			baseConfigurationReference = 69C7AE5FBE1911598AF36CF5 /* Pods-Botakan.release.xcconfig */;
			buildSettings = {
				ASSETCATALOG_COMPILER_APPICON_NAME = AppIcon;
				CODE_SIGN_STYLE = Automatic;
				DEVELOPMENT_TEAM = 3456T57P5Z;
				INFOPLIST_FILE = Botakan/Info.plist;
				IPHONEOS_DEPLOYMENT_TARGET = 10.3;
				LD_RUNPATH_SEARCH_PATHS = "$(inherited) @executable_path/Frameworks";
				PRODUCT_BUNDLE_IDENTIFIER = kamila.instamamakaz;
				PRODUCT_NAME = "$(TARGET_NAME)";
				SWIFT_VERSION = 4.0;
				TARGETED_DEVICE_FAMILY = "1,2";
			};
			name = Release;
		};
/* End XCBuildConfiguration section */

/* Begin XCConfigurationList section */
		8E6D9B641FE8E5C700E0E3DC /* Build configuration list for PBXProject "Botakan" */ = {
			isa = XCConfigurationList;
			buildConfigurations = (
				8E6D9B7F1FE8E5C700E0E3DC /* Debug */,
				8E6D9B801FE8E5C700E0E3DC /* Release */,
			);
			defaultConfigurationIsVisible = 0;
			defaultConfigurationName = Release;
		};
		8E6D9B811FE8E5C700E0E3DC /* Build configuration list for PBXNativeTarget "Botakan" */ = {
			isa = XCConfigurationList;
			buildConfigurations = (
				8E6D9B821FE8E5C700E0E3DC /* Debug */,
				8E6D9B831FE8E5C700E0E3DC /* Release */,
			);
			defaultConfigurationIsVisible = 0;
			defaultConfigurationName = Release;
		};
/* End XCConfigurationList section */
	};
	rootObject = 8E6D9B611FE8E5C700E0E3DC /* Project object */;
}
