// !$*UTF8*$!
{
	archiveVersion = 1;
	classes = {
	};
	objectVersion = 48;
	objects = {

/* Begin PBXBuildFile section */
		8E099EE3201A5D2F00151DE8 /* FeedBackView.swift in Sources */ = {isa = PBXBuildFile; fileRef = 8E099EE2201A5D2F00151DE8 /* FeedBackView.swift */; };
		8E099EE4201A62FC00151DE8 /* FeedBackView.swift in Resources */ = {isa = PBXBuildFile; fileRef = 8E099EE2201A5D2F00151DE8 /* FeedBackView.swift */; };
		8E0D77CA201081A4008F1FC2 /* TakpaktarVC.swift in Sources */ = {isa = PBXBuildFile; fileRef = 8E0D77C9201081A4008F1FC2 /* TakpaktarVC.swift */; };
		8E15084D200B4D5C00409ECD /* HeadTextView.swift in Sources */ = {isa = PBXBuildFile; fileRef = 8E15084C200B4D5C00409ECD /* HeadTextView.swift */; };
		8E1A36BB201F202200E089F5 /* FeedBackSons.swift in Sources */ = {isa = PBXBuildFile; fileRef = 8E1A36BA201F202200E089F5 /* FeedBackSons.swift */; };
		8E1A36BC201F221300E089F5 /* FeedBackSons.swift in Resources */ = {isa = PBXBuildFile; fileRef = 8E1A36BA201F202200E089F5 /* FeedBackSons.swift */; };
		8E1A36BE201F24FD00E089F5 /* DetailLabels.swift in Sources */ = {isa = PBXBuildFile; fileRef = 8E1A36BD201F24FD00E089F5 /* DetailLabels.swift */; };
		8E1A36BF201F278100E089F5 /* DetailLabels.swift in Resources */ = {isa = PBXBuildFile; fileRef = 8E1A36BD201F24FD00E089F5 /* DetailLabels.swift */; };
		8E1A36C1201F533F00E089F5 /* MenuButtons.swift in Sources */ = {isa = PBXBuildFile; fileRef = 8E1A36C0201F533F00E089F5 /* MenuButtons.swift */; };
		8E1A36C2201F541600E089F5 /* MenuButtons.swift in Resources */ = {isa = PBXBuildFile; fileRef = 8E1A36C0201F533F00E089F5 /* MenuButtons.swift */; };
		8E37DFDE2025D65800E19382 /* CenterImageCell.swift in Sources */ = {isa = PBXBuildFile; fileRef = 8E37DFDD2025D65800E19382 /* CenterImageCell.swift */; };
		8E37DFDF2025D82400E19382 /* CenterImageCell.swift in Resources */ = {isa = PBXBuildFile; fileRef = 8E37DFDD2025D65800E19382 /* CenterImageCell.swift */; };
		8E37DFE12026463700E19382 /* ZhanyltViewController.swift in Sources */ = {isa = PBXBuildFile; fileRef = 8E37DFE02026463700E19382 /* ZhanyltViewController.swift */; };
		8E37DFE22026499F00E19382 /* ZhanyltViewController.swift in Resources */ = {isa = PBXBuildFile; fileRef = 8E37DFE02026463700E19382 /* ZhanyltViewController.swift */; };
		8E37DFE42026531300E19382 /* SanamakViewController.swift in Sources */ = {isa = PBXBuildFile; fileRef = 8E37DFE32026531300E19382 /* SanamakViewController.swift */; };
		8E37DFE52026531B00E19382 /* SanamakViewController.swift in Resources */ = {isa = PBXBuildFile; fileRef = 8E37DFE32026531300E19382 /* SanamakViewController.swift */; };
		8E6D9B6D1FE8E5C700E0E3DC /* AppDelegate.swift in Sources */ = {isa = PBXBuildFile; fileRef = 8E6D9B6C1FE8E5C700E0E3DC /* AppDelegate.swift */; };
		8E6D9B731FE8E5C700E0E3DC /* GameScene.swift in Sources */ = {isa = PBXBuildFile; fileRef = 8E6D9B721FE8E5C700E0E3DC /* GameScene.swift */; };
		8E6D9B751FE8E5C700E0E3DC /* GameViewController.swift in Sources */ = {isa = PBXBuildFile; fileRef = 8E6D9B741FE8E5C700E0E3DC /* GameViewController.swift */; };
		8E6D9B781FE8E5C700E0E3DC /* Main.storyboard in Resources */ = {isa = PBXBuildFile; fileRef = 8E6D9B761FE8E5C700E0E3DC /* Main.storyboard */; };
		8E6D9B7A1FE8E5C700E0E3DC /* Assets.xcassets in Resources */ = {isa = PBXBuildFile; fileRef = 8E6D9B791FE8E5C700E0E3DC /* Assets.xcassets */; };
		8E6D9B7D1FE8E5C700E0E3DC /* LaunchScreen.storyboard in Resources */ = {isa = PBXBuildFile; fileRef = 8E6D9B7B1FE8E5C700E0E3DC /* LaunchScreen.storyboard */; };
		8E6D9B901FE8E85800E0E3DC /* AnderData.json in Resources */ = {isa = PBXBuildFile; fileRef = 8E6D9B891FE8E85700E0E3DC /* AnderData.json */; };
		8E6D9B911FE8E85800E0E3DC /* ParsingJSON.swift in Sources */ = {isa = PBXBuildFile; fileRef = 8E6D9B8A1FE8E85700E0E3DC /* ParsingJSON.swift */; };
		8E6D9B921FE8E85800E0E3DC /* screenSize.swift in Sources */ = {isa = PBXBuildFile; fileRef = 8E6D9B8B1FE8E85700E0E3DC /* screenSize.swift */; };
		8E6D9B931FE8E85800E0E3DC /* Sanamak.json in Resources */ = {isa = PBXBuildFile; fileRef = 8E6D9B8C1FE8E85800E0E3DC /* Sanamak.json */; };
		8E6D9B941FE8E85800E0E3DC /* AllData.json in Resources */ = {isa = PBXBuildFile; fileRef = 8E6D9B8D1FE8E85800E0E3DC /* AllData.json */; };
		8E6D9B951FE8E85800E0E3DC /* ZhanylData.json in Resources */ = {isa = PBXBuildFile; fileRef = 8E6D9B8E1FE8E85800E0E3DC /* ZhanylData.json */; };
		8E6D9B961FE8E85800E0E3DC /* Helpers.swift in Sources */ = {isa = PBXBuildFile; fileRef = 8E6D9B8F1FE8E85800E0E3DC /* Helpers.swift */; };
		8E6D9B991FE8E8D800E0E3DC /* Default-568h@2x.png in Resources */ = {isa = PBXBuildFile; fileRef = 8E6D9B981FE8E8D800E0E3DC /* Default-568h@2x.png */; };
		8E6D9BDE1FE8EB4A00E0E3DC /* HelveticaMedCd.ttf in Resources */ = {isa = PBXBuildFile; fileRef = 8E6D9B971FE8E86D00E0E3DC /* HelveticaMedCd.ttf */; };
		8E6D9BE11FE8EBDF00E0E3DC /* MyParticle.sks in Resources */ = {isa = PBXBuildFile; fileRef = 8E6D9BDF1FE8EBDF00E0E3DC /* MyParticle.sks */; };
		8E6D9BE21FE8EBDF00E0E3DC /* Assets.xcassets in Resources */ = {isa = PBXBuildFile; fileRef = 8E6D9BE01FE8EBDF00E0E3DC /* Assets.xcassets */; };
		8E7CCC9E20135C2700B4E47A /* TakpakDetailsVC.swift in Sources */ = {isa = PBXBuildFile; fileRef = 8E7CCC9D20135C2700B4E47A /* TakpakDetailsVC.swift */; };
		8E87FE6A2017011C00FE7560 /* AnderScene.swift in Resources */ = {isa = PBXBuildFile; fileRef = 8EBC61682016570C001F593E /* AnderScene.swift */; };
		8E87FE6B2017011C00FE7560 /* GameScene.swift in Resources */ = {isa = PBXBuildFile; fileRef = 8E6D9B721FE8E5C700E0E3DC /* GameScene.swift */; };
		8E87FE6C2017011C00FE7560 /* SanamakScene.swift in Resources */ = {isa = PBXBuildFile; fileRef = 8EBC617020165766001F593E /* SanamakScene.swift */; };
		8E87FE6D2017011C00FE7560 /* ZhanultpashScene.swift in Resources */ = {isa = PBXBuildFile; fileRef = 8EBC617120165767001F593E /* ZhanultpashScene.swift */; };
		8E87FE6E2017011C00FE7560 /* GameViewController.swift in Resources */ = {isa = PBXBuildFile; fileRef = 8E6D9B741FE8E5C700E0E3DC /* GameViewController.swift */; };
		8E87FE732017014900FE7560 /* Helpers.swift in Resources */ = {isa = PBXBuildFile; fileRef = 8E6D9B8F1FE8E85800E0E3DC /* Helpers.swift */; };
		8E87FE742017014900FE7560 /* ParsingJSON.swift in Resources */ = {isa = PBXBuildFile; fileRef = 8E6D9B8A1FE8E85700E0E3DC /* ParsingJSON.swift */; };
		8E87FE752017014900FE7560 /* screenSize.swift in Resources */ = {isa = PBXBuildFile; fileRef = 8E6D9B8B1FE8E85700E0E3DC /* screenSize.swift */; };
		8E87FE762017205200FE7560 /* AppDelegate.swift in Resources */ = {isa = PBXBuildFile; fileRef = 8E6D9B6C1FE8E5C700E0E3DC /* AppDelegate.swift */; };
		8E87FE772017206800FE7560 /* MenuViewController.swift in Resources */ = {isa = PBXBuildFile; fileRef = 8E90AAEB1FFFA2210070DD1B /* MenuViewController.swift */; };
		8E87FE7A2017208600FE7560 /* TakpaktarVC.swift in Resources */ = {isa = PBXBuildFile; fileRef = 8E0D77C9201081A4008F1FC2 /* TakpaktarVC.swift */; };
		8E87FE7B2017208600FE7560 /* TakpakDetailsVC.swift in Resources */ = {isa = PBXBuildFile; fileRef = 8E7CCC9D20135C2700B4E47A /* TakpakDetailsVC.swift */; };
		8E87FE7C2017208600FE7560 /* TakpakCVext.swift in Resources */ = {isa = PBXBuildFile; fileRef = 8E8C402520149535002DCE27 /* TakpakCVext.swift */; };
		8E87FE7D2017208600FE7560 /* Info.plist in Resources */ = {isa = PBXBuildFile; fileRef = 8E6D9B7E1FE8E5C700E0E3DC /* Info.plist */; };
		8E87FE7E20173A9C00FE7560 /* HeadTextView.swift in Resources */ = {isa = PBXBuildFile; fileRef = 8E15084C200B4D5C00409ECD /* HeadTextView.swift */; };
		8E87FE7F20173A9C00FE7560 /* BallonsView.swift in Resources */ = {isa = PBXBuildFile; fileRef = 8E8C402720150641002DCE27 /* BallonsView.swift */; };
		8E8C402620149535002DCE27 /* TakpakCVext.swift in Sources */ = {isa = PBXBuildFile; fileRef = 8E8C402520149535002DCE27 /* TakpakCVext.swift */; };
		8E8C402820150641002DCE27 /* BallonsView.swift in Sources */ = {isa = PBXBuildFile; fileRef = 8E8C402720150641002DCE27 /* BallonsView.swift */; };
		8E90AAEC1FFFA2210070DD1B /* MenuViewController.swift in Sources */ = {isa = PBXBuildFile; fileRef = 8E90AAEB1FFFA2210070DD1B /* MenuViewController.swift */; };
		8E9C29BC2020ED3500BB462B /* TakpakImageCV.swift in Sources */ = {isa = PBXBuildFile; fileRef = 8E9C29BB2020ED3500BB462B /* TakpakImageCV.swift */; };
		8E9C29BD2020EDA300BB462B /* TakpakImageCV.swift in Resources */ = {isa = PBXBuildFile; fileRef = 8E9C29BB2020ED3500BB462B /* TakpakImageCV.swift */; };
		8E9C29BF2020EE2F00BB462B /* ImageCellCV.swift in Sources */ = {isa = PBXBuildFile; fileRef = 8E9C29BE2020EE2F00BB462B /* ImageCellCV.swift */; };
		8E9C29C02020F00D00BB462B /* ImageCellCV.swift in Resources */ = {isa = PBXBuildFile; fileRef = 8E9C29BE2020EE2F00BB462B /* ImageCellCV.swift */; };
		8EA0E10A20188D0E00C7DE57 /* MusicBtnMenu.swift in Sources */ = {isa = PBXBuildFile; fileRef = 8EA0E10920188D0E00C7DE57 /* MusicBtnMenu.swift */; };
		8EA0E10B20188DF400C7DE57 /* MusicBtnMenu.swift in Resources */ = {isa = PBXBuildFile; fileRef = 8EA0E10920188D0E00C7DE57 /* MusicBtnMenu.swift */; };
		8EBAEB1720224B08008DB211 /* AnderVC.swift in Sources */ = {isa = PBXBuildFile; fileRef = 8EBAEB1620224B08008DB211 /* AnderVC.swift */; };
		8EBAEB1820224B5B008DB211 /* AnderVC.swift in Resources */ = {isa = PBXBuildFile; fileRef = 8EBAEB1620224B08008DB211 /* AnderVC.swift */; };
		8EBC617220166291001F593E /* AnderScene.swift in Sources */ = {isa = PBXBuildFile; fileRef = 8EBC61682016570C001F593E /* AnderScene.swift */; };
		8EBC617320166291001F593E /* SanamakScene.swift in Sources */ = {isa = PBXBuildFile; fileRef = 8EBC617020165766001F593E /* SanamakScene.swift */; };
		8EBC617420166291001F593E /* ZhanultpashScene.swift in Sources */ = {isa = PBXBuildFile; fileRef = 8EBC617120165767001F593E /* ZhanultpashScene.swift */; };
		8EDD10E52026E2F300DB6267 /* AnserDetailsViewController.swift in Sources */ = {isa = PBXBuildFile; fileRef = 8EDD10E42026E2F300DB6267 /* AnserDetailsViewController.swift */; };
		8EDD10E62026E35200DB6267 /* AnserDetailsViewController.swift in Resources */ = {isa = PBXBuildFile; fileRef = 8EDD10E42026E2F300DB6267 /* AnserDetailsViewController.swift */; };
		8EDD10E82026EAD100DB6267 /* MusicView.swift in Sources */ = {isa = PBXBuildFile; fileRef = 8EDD10E72026EAD000DB6267 /* MusicView.swift */; };
		8EDD10E92026EBF900DB6267 /* MusicView.swift in Resources */ = {isa = PBXBuildFile; fileRef = 8EDD10E72026EAD000DB6267 /* MusicView.swift */; };
		8EF5E7682025B0DE00155124 /* ProgressBar.swift in Sources */ = {isa = PBXBuildFile; fileRef = 8EF5E7612025B0DD00155124 /* ProgressBar.swift */; };
		8EF5E7692025B0DE00155124 /* DefaultBGImage.swift in Sources */ = {isa = PBXBuildFile; fileRef = 8EF5E7622025B0DD00155124 /* DefaultBGImage.swift */; };
		8EF5E76A2025B0DE00155124 /* BackgroundView.swift in Sources */ = {isa = PBXBuildFile; fileRef = 8EF5E7632025B0DD00155124 /* BackgroundView.swift */; };
		8EF5E76B2025B0DE00155124 /* CollectionViewDetails.swift in Sources */ = {isa = PBXBuildFile; fileRef = 8EF5E7642025B0DD00155124 /* CollectionViewDetails.swift */; };
		8EF5E76D2025B0DE00155124 /* LabelView.swift in Sources */ = {isa = PBXBuildFile; fileRef = 8EF5E7662025B0DE00155124 /* LabelView.swift */; };
		8EF5E76E2025B0DE00155124 /* CLImage.swift in Sources */ = {isa = PBXBuildFile; fileRef = 8EF5E7672025B0DE00155124 /* CLImage.swift */; };
		8EF5E7762025B10200155124 /* menuNodes.swift in Sources */ = {isa = PBXBuildFile; fileRef = 8EF5E76F2025B10100155124 /* menuNodes.swift */; };
		8EF5E7772025B10200155124 /* ZhanyltDetails.swift in Sources */ = {isa = PBXBuildFile; fileRef = 8EF5E7702025B10100155124 /* ZhanyltDetails.swift */; };
		8EF5E7782025B10200155124 /* TakpakDeatils.swift in Sources */ = {isa = PBXBuildFile; fileRef = 8EF5E7712025B10100155124 /* TakpakDeatils.swift */; };
		8EF5E7792025B10200155124 /* AnderDetails.swift in Sources */ = {isa = PBXBuildFile; fileRef = 8EF5E7722025B10100155124 /* AnderDetails.swift */; };
		8EF5E77A2025B10200155124 /* takpakView.swift in Sources */ = {isa = PBXBuildFile; fileRef = 8EF5E7732025B10100155124 /* takpakView.swift */; };
		8EF5E77B2025B10200155124 /* anderNodes.swift in Sources */ = {isa = PBXBuildFile; fileRef = 8EF5E7742025B10100155124 /* anderNodes.swift */; };
		8EF5E77C2025B10200155124 /* SanamakDetails.swift in Sources */ = {isa = PBXBuildFile; fileRef = 8EF5E7752025B10100155124 /* SanamakDetails.swift */; };
		8EF5E7812025B11500155124 /* SanamakExtensionV.swift in Sources */ = {isa = PBXBuildFile; fileRef = 8EF5E77D2025B11500155124 /* SanamakExtensionV.swift */; };
		8EF5E7822025B11500155124 /* ZhanyltpashExtensionV.swift in Sources */ = {isa = PBXBuildFile; fileRef = 8EF5E77E2025B11500155124 /* ZhanyltpashExtensionV.swift */; };
		8EF5E7832025B11500155124 /* TakpaktarExtensionV.swift in Sources */ = {isa = PBXBuildFile; fileRef = 8EF5E77F2025B11500155124 /* TakpaktarExtensionV.swift */; };
		8EF5E7842025B11500155124 /* AnderExtensionV.swift in Sources */ = {isa = PBXBuildFile; fileRef = 8EF5E7802025B11500155124 /* AnderExtensionV.swift */; };
		8EF5E7852025B17E00155124 /* BackgroundView.swift in Resources */ = {isa = PBXBuildFile; fileRef = 8EF5E7632025B0DD00155124 /* BackgroundView.swift */; };
		8EF5E7862025B17E00155124 /* CLImage.swift in Resources */ = {isa = PBXBuildFile; fileRef = 8EF5E7672025B0DE00155124 /* CLImage.swift */; };
		8EF5E7872025B17E00155124 /* CollectionViewDetails.swift in Resources */ = {isa = PBXBuildFile; fileRef = 8EF5E7642025B0DD00155124 /* CollectionViewDetails.swift */; };
		8EF5E7882025B17E00155124 /* DefaultBGImage.swift in Resources */ = {isa = PBXBuildFile; fileRef = 8EF5E7622025B0DD00155124 /* DefaultBGImage.swift */; };
		8EF5E7892025B17E00155124 /* LabelView.swift in Resources */ = {isa = PBXBuildFile; fileRef = 8EF5E7662025B0DE00155124 /* LabelView.swift */; };
		8EF5E78A2025B17E00155124 /* ProgressBar.swift in Resources */ = {isa = PBXBuildFile; fileRef = 8EF5E7612025B0DD00155124 /* ProgressBar.swift */; };
		8EF5E78B2025B1CD00155124 /* AnderDetails.swift in Resources */ = {isa = PBXBuildFile; fileRef = 8EF5E7722025B10100155124 /* AnderDetails.swift */; };
		8EF5E78C2025B1CD00155124 /* anderNodes.swift in Resources */ = {isa = PBXBuildFile; fileRef = 8EF5E7742025B10100155124 /* anderNodes.swift */; };
		8EF5E78D2025B1CD00155124 /* menuNodes.swift in Resources */ = {isa = PBXBuildFile; fileRef = 8EF5E76F2025B10100155124 /* menuNodes.swift */; };
		8EF5E78E2025B1CD00155124 /* SanamakDetails.swift in Resources */ = {isa = PBXBuildFile; fileRef = 8EF5E7752025B10100155124 /* SanamakDetails.swift */; };
		8EF5E78F2025B1CD00155124 /* TakpakDeatils.swift in Resources */ = {isa = PBXBuildFile; fileRef = 8EF5E7712025B10100155124 /* TakpakDeatils.swift */; };
		8EF5E7902025B1CD00155124 /* takpakView.swift in Resources */ = {isa = PBXBuildFile; fileRef = 8EF5E7732025B10100155124 /* takpakView.swift */; };
		8EF5E7912025B1CD00155124 /* ZhanyltDetails.swift in Resources */ = {isa = PBXBuildFile; fileRef = 8EF5E7702025B10100155124 /* ZhanyltDetails.swift */; };
		8EF5E7922025B1CD00155124 /* AnderExtensionV.swift in Resources */ = {isa = PBXBuildFile; fileRef = 8EF5E7802025B11500155124 /* AnderExtensionV.swift */; };
		8EF5E7932025B1CD00155124 /* SanamakExtensionV.swift in Resources */ = {isa = PBXBuildFile; fileRef = 8EF5E77D2025B11500155124 /* SanamakExtensionV.swift */; };
		8EF5E7942025B1CD00155124 /* TakpaktarExtensionV.swift in Resources */ = {isa = PBXBuildFile; fileRef = 8EF5E77F2025B11500155124 /* TakpaktarExtensionV.swift */; };
		8EF5E7952025B1CD00155124 /* ZhanyltpashExtensionV.swift in Resources */ = {isa = PBXBuildFile; fileRef = 8EF5E77E2025B11500155124 /* ZhanyltpashExtensionV.swift */; };
		8EF5E7972025B30000155124 /* other-music-loops-08610001.mp3 in Resources */ = {isa = PBXBuildFile; fileRef = 8EF5E7962025B2FF00155124 /* other-music-loops-08610001.mp3 */; };
		9D76546255D14CDEE7E5624E /* Pods_Botakan.framework in Frameworks */ = {isa = PBXBuildFile; fileRef = 8C4FC35A0B099ABA6465B19C /* Pods_Botakan.framework */; };
/* End PBXBuildFile section */

/* Begin PBXFileReference section */
		69C7AE5FBE1911598AF36CF5 /* Pods-Botakan.release.xcconfig */ = {isa = PBXFileReference; includeInIndex = 1; lastKnownFileType = text.xcconfig; name = "Pods-Botakan.release.xcconfig"; path = "Pods/Target Support Files/Pods-Botakan/Pods-Botakan.release.xcconfig"; sourceTree = "<group>"; };
		8C4FC35A0B099ABA6465B19C /* Pods_Botakan.framework */ = {isa = PBXFileReference; explicitFileType = wrapper.framework; includeInIndex = 0; path = Pods_Botakan.framework; sourceTree = BUILT_PRODUCTS_DIR; };
		8E099EE2201A5D2F00151DE8 /* FeedBackView.swift */ = {isa = PBXFileReference; lastKnownFileType = sourcecode.swift; path = FeedBackView.swift; sourceTree = "<group>"; };
		8E0D77C9201081A4008F1FC2 /* TakpaktarVC.swift */ = {isa = PBXFileReference; lastKnownFileType = sourcecode.swift; path = TakpaktarVC.swift; sourceTree = "<group>"; };
		8E15084C200B4D5C00409ECD /* HeadTextView.swift */ = {isa = PBXFileReference; lastKnownFileType = sourcecode.swift; path = HeadTextView.swift; sourceTree = "<group>"; };
		8E1A36BA201F202200E089F5 /* FeedBackSons.swift */ = {isa = PBXFileReference; lastKnownFileType = sourcecode.swift; path = FeedBackSons.swift; sourceTree = "<group>"; };
		8E1A36BD201F24FD00E089F5 /* DetailLabels.swift */ = {isa = PBXFileReference; lastKnownFileType = sourcecode.swift; path = DetailLabels.swift; sourceTree = "<group>"; };
		8E1A36C0201F533F00E089F5 /* MenuButtons.swift */ = {isa = PBXFileReference; lastKnownFileType = sourcecode.swift; path = MenuButtons.swift; sourceTree = "<group>"; };
		8E37DFDD2025D65800E19382 /* CenterImageCell.swift */ = {isa = PBXFileReference; lastKnownFileType = sourcecode.swift; path = CenterImageCell.swift; sourceTree = "<group>"; };
		8E37DFE02026463700E19382 /* ZhanyltViewController.swift */ = {isa = PBXFileReference; lastKnownFileType = sourcecode.swift; path = ZhanyltViewController.swift; sourceTree = "<group>"; };
		8E37DFE32026531300E19382 /* SanamakViewController.swift */ = {isa = PBXFileReference; lastKnownFileType = sourcecode.swift; path = SanamakViewController.swift; sourceTree = "<group>"; };
		8E6D9B691FE8E5C700E0E3DC /* Botakan.app */ = {isa = PBXFileReference; explicitFileType = wrapper.application; includeInIndex = 0; path = Botakan.app; sourceTree = BUILT_PRODUCTS_DIR; };
		8E6D9B6C1FE8E5C700E0E3DC /* AppDelegate.swift */ = {isa = PBXFileReference; lastKnownFileType = sourcecode.swift; path = AppDelegate.swift; sourceTree = "<group>"; };
		8E6D9B721FE8E5C700E0E3DC /* GameScene.swift */ = {isa = PBXFileReference; lastKnownFileType = sourcecode.swift; path = GameScene.swift; sourceTree = "<group>"; };
		8E6D9B741FE8E5C700E0E3DC /* GameViewController.swift */ = {isa = PBXFileReference; lastKnownFileType = sourcecode.swift; path = GameViewController.swift; sourceTree = "<group>"; };
		8E6D9B771FE8E5C700E0E3DC /* Base */ = {isa = PBXFileReference; lastKnownFileType = file.storyboard; name = Base; path = Base.lproj/Main.storyboard; sourceTree = "<group>"; };
		8E6D9B791FE8E5C700E0E3DC /* Assets.xcassets */ = {isa = PBXFileReference; lastKnownFileType = folder.assetcatalog; path = Assets.xcassets; sourceTree = "<group>"; };
		8E6D9B7C1FE8E5C700E0E3DC /* Base */ = {isa = PBXFileReference; lastKnownFileType = file.storyboard; name = Base; path = Base.lproj/LaunchScreen.storyboard; sourceTree = "<group>"; };
		8E6D9B7E1FE8E5C700E0E3DC /* Info.plist */ = {isa = PBXFileReference; lastKnownFileType = text.plist.xml; path = Info.plist; sourceTree = "<group>"; };
		8E6D9B891FE8E85700E0E3DC /* AnderData.json */ = {isa = PBXFileReference; fileEncoding = 4; lastKnownFileType = text.json; path = AnderData.json; sourceTree = "<group>"; };
		8E6D9B8A1FE8E85700E0E3DC /* ParsingJSON.swift */ = {isa = PBXFileReference; fileEncoding = 4; lastKnownFileType = sourcecode.swift; path = ParsingJSON.swift; sourceTree = "<group>"; };
		8E6D9B8B1FE8E85700E0E3DC /* screenSize.swift */ = {isa = PBXFileReference; fileEncoding = 4; lastKnownFileType = sourcecode.swift; path = screenSize.swift; sourceTree = "<group>"; };
		8E6D9B8C1FE8E85800E0E3DC /* Sanamak.json */ = {isa = PBXFileReference; fileEncoding = 4; lastKnownFileType = text.json; path = Sanamak.json; sourceTree = "<group>"; };
		8E6D9B8D1FE8E85800E0E3DC /* AllData.json */ = {isa = PBXFileReference; fileEncoding = 4; lastKnownFileType = text.json; path = AllData.json; sourceTree = "<group>"; };
		8E6D9B8E1FE8E85800E0E3DC /* ZhanylData.json */ = {isa = PBXFileReference; fileEncoding = 4; lastKnownFileType = text.json; path = ZhanylData.json; sourceTree = "<group>"; };
		8E6D9B8F1FE8E85800E0E3DC /* Helpers.swift */ = {isa = PBXFileReference; fileEncoding = 4; lastKnownFileType = sourcecode.swift; path = Helpers.swift; sourceTree = "<group>"; };
		8E6D9B971FE8E86D00E0E3DC /* HelveticaMedCd.ttf */ = {isa = PBXFileReference; lastKnownFileType = file; path = HelveticaMedCd.ttf; sourceTree = "<group>"; };
		8E6D9B981FE8E8D800E0E3DC /* Default-568h@2x.png */ = {isa = PBXFileReference; lastKnownFileType = image.png; path = "Default-568h@2x.png"; sourceTree = "<group>"; };
		8E6D9BDF1FE8EBDF00E0E3DC /* MyParticle.sks */ = {isa = PBXFileReference; lastKnownFileType = file.sks; name = MyParticle.sks; path = Botakan/Media/MyParticle.sks; sourceTree = SOURCE_ROOT; };
		8E6D9BE01FE8EBDF00E0E3DC /* Assets.xcassets */ = {isa = PBXFileReference; lastKnownFileType = folder.assetcatalog; name = Assets.xcassets; path = Botakan/Media/Assets.xcassets; sourceTree = SOURCE_ROOT; };
		8E7CCC9D20135C2700B4E47A /* TakpakDetailsVC.swift */ = {isa = PBXFileReference; lastKnownFileType = sourcecode.swift; path = TakpakDetailsVC.swift; sourceTree = "<group>"; };
		8E8C402520149535002DCE27 /* TakpakCVext.swift */ = {isa = PBXFileReference; lastKnownFileType = sourcecode.swift; path = TakpakCVext.swift; sourceTree = "<group>"; };
		8E8C402720150641002DCE27 /* BallonsView.swift */ = {isa = PBXFileReference; lastKnownFileType = sourcecode.swift; path = BallonsView.swift; sourceTree = "<group>"; };
		8E90AAEB1FFFA2210070DD1B /* MenuViewController.swift */ = {isa = PBXFileReference; lastKnownFileType = sourcecode.swift; path = MenuViewController.swift; sourceTree = "<group>"; };
		8E9C29BB2020ED3500BB462B /* TakpakImageCV.swift */ = {isa = PBXFileReference; lastKnownFileType = sourcecode.swift; path = TakpakImageCV.swift; sourceTree = "<group>"; };
		8E9C29BE2020EE2F00BB462B /* ImageCellCV.swift */ = {isa = PBXFileReference; lastKnownFileType = sourcecode.swift; path = ImageCellCV.swift; sourceTree = "<group>"; };
		8EA0E10920188D0E00C7DE57 /* MusicBtnMenu.swift */ = {isa = PBXFileReference; lastKnownFileType = sourcecode.swift; path = MusicBtnMenu.swift; sourceTree = "<group>"; };
		8EBAEB1620224B08008DB211 /* AnderVC.swift */ = {isa = PBXFileReference; lastKnownFileType = sourcecode.swift; path = AnderVC.swift; sourceTree = "<group>"; };
		8EBC61682016570C001F593E /* AnderScene.swift */ = {isa = PBXFileReference; lastKnownFileType = sourcecode.swift; path = AnderScene.swift; sourceTree = "<group>"; };
		8EBC617020165766001F593E /* SanamakScene.swift */ = {isa = PBXFileReference; lastKnownFileType = sourcecode.swift; path = SanamakScene.swift; sourceTree = "<group>"; };
		8EBC617120165767001F593E /* ZhanultpashScene.swift */ = {isa = PBXFileReference; lastKnownFileType = sourcecode.swift; path = ZhanultpashScene.swift; sourceTree = "<group>"; };
		8EDD10E42026E2F300DB6267 /* AnserDetailsViewController.swift */ = {isa = PBXFileReference; lastKnownFileType = sourcecode.swift; path = AnserDetailsViewController.swift; sourceTree = "<group>"; };
		8EDD10E72026EAD000DB6267 /* MusicView.swift */ = {isa = PBXFileReference; lastKnownFileType = sourcecode.swift; path = MusicView.swift; sourceTree = "<group>"; };
		8EF5E7612025B0DD00155124 /* ProgressBar.swift */ = {isa = PBXFileReference; fileEncoding = 4; lastKnownFileType = sourcecode.swift; path = ProgressBar.swift; sourceTree = "<group>"; };
		8EF5E7622025B0DD00155124 /* DefaultBGImage.swift */ = {isa = PBXFileReference; fileEncoding = 4; lastKnownFileType = sourcecode.swift; path = DefaultBGImage.swift; sourceTree = "<group>"; };
		8EF5E7632025B0DD00155124 /* BackgroundView.swift */ = {isa = PBXFileReference; fileEncoding = 4; lastKnownFileType = sourcecode.swift; path = BackgroundView.swift; sourceTree = "<group>"; };
		8EF5E7642025B0DD00155124 /* CollectionViewDetails.swift */ = {isa = PBXFileReference; fileEncoding = 4; lastKnownFileType = sourcecode.swift; path = CollectionViewDetails.swift; sourceTree = "<group>"; };
		8EF5E7662025B0DE00155124 /* LabelView.swift */ = {isa = PBXFileReference; fileEncoding = 4; lastKnownFileType = sourcecode.swift; path = LabelView.swift; sourceTree = "<group>"; };
		8EF5E7672025B0DE00155124 /* CLImage.swift */ = {isa = PBXFileReference; fileEncoding = 4; lastKnownFileType = sourcecode.swift; path = CLImage.swift; sourceTree = "<group>"; };
		8EF5E76F2025B10100155124 /* menuNodes.swift */ = {isa = PBXFileReference; fileEncoding = 4; lastKnownFileType = sourcecode.swift; path = menuNodes.swift; sourceTree = "<group>"; };
		8EF5E7702025B10100155124 /* ZhanyltDetails.swift */ = {isa = PBXFileReference; fileEncoding = 4; lastKnownFileType = sourcecode.swift; path = ZhanyltDetails.swift; sourceTree = "<group>"; };
		8EF5E7712025B10100155124 /* TakpakDeatils.swift */ = {isa = PBXFileReference; fileEncoding = 4; lastKnownFileType = sourcecode.swift; path = TakpakDeatils.swift; sourceTree = "<group>"; };
		8EF5E7722025B10100155124 /* AnderDetails.swift */ = {isa = PBXFileReference; fileEncoding = 4; lastKnownFileType = sourcecode.swift; path = AnderDetails.swift; sourceTree = "<group>"; };
		8EF5E7732025B10100155124 /* takpakView.swift */ = {isa = PBXFileReference; fileEncoding = 4; lastKnownFileType = sourcecode.swift; path = takpakView.swift; sourceTree = "<group>"; };
		8EF5E7742025B10100155124 /* anderNodes.swift */ = {isa = PBXFileReference; fileEncoding = 4; lastKnownFileType = sourcecode.swift; path = anderNodes.swift; sourceTree = "<group>"; };
		8EF5E7752025B10100155124 /* SanamakDetails.swift */ = {isa = PBXFileReference; fileEncoding = 4; lastKnownFileType = sourcecode.swift; path = SanamakDetails.swift; sourceTree = "<group>"; };
		8EF5E77D2025B11500155124 /* SanamakExtensionV.swift */ = {isa = PBXFileReference; fileEncoding = 4; lastKnownFileType = sourcecode.swift; path = SanamakExtensionV.swift; sourceTree = "<group>"; };
		8EF5E77E2025B11500155124 /* ZhanyltpashExtensionV.swift */ = {isa = PBXFileReference; fileEncoding = 4; lastKnownFileType = sourcecode.swift; path = ZhanyltpashExtensionV.swift; sourceTree = "<group>"; };
		8EF5E77F2025B11500155124 /* TakpaktarExtensionV.swift */ = {isa = PBXFileReference; fileEncoding = 4; lastKnownFileType = sourcecode.swift; path = TakpaktarExtensionV.swift; sourceTree = "<group>"; };
		8EF5E7802025B11500155124 /* AnderExtensionV.swift */ = {isa = PBXFileReference; fileEncoding = 4; lastKnownFileType = sourcecode.swift; path = AnderExtensionV.swift; sourceTree = "<group>"; };
		8EF5E7962025B2FF00155124 /* other-music-loops-08610001.mp3 */ = {isa = PBXFileReference; lastKnownFileType = audio.mp3; path = "other-music-loops-08610001.mp3"; sourceTree = "<group>"; };
		DDC95B2DBF50FCAD9CDC1E7F /* Pods-Botakan.debug.xcconfig */ = {isa = PBXFileReference; includeInIndex = 1; lastKnownFileType = text.xcconfig; name = "Pods-Botakan.debug.xcconfig"; path = "Pods/Target Support Files/Pods-Botakan/Pods-Botakan.debug.xcconfig"; sourceTree = "<group>"; };
/* End PBXFileReference section */

/* Begin PBXFrameworksBuildPhase section */
		8E6D9B661FE8E5C700E0E3DC /* Frameworks */ = {
			isa = PBXFrameworksBuildPhase;
			buildActionMask = 2147483647;
			files = (
				9D76546255D14CDEE7E5624E /* Pods_Botakan.framework in Frameworks */,
			);
			runOnlyForDeploymentPostprocessing = 0;
		};
/* End PBXFrameworksBuildPhase section */

/* Begin PBXGroup section */
		49297B44BE742846F57007CC /* Frameworks */ = {
			isa = PBXGroup;
			children = (
				8C4FC35A0B099ABA6465B19C /* Pods_Botakan.framework */,
			);
			name = Frameworks;
			sourceTree = "<group>";
		};
		810485A6B5B84D8826EA9840 /* Pods */ = {
			isa = PBXGroup;
			children = (
				DDC95B2DBF50FCAD9CDC1E7F /* Pods-Botakan.debug.xcconfig */,
				69C7AE5FBE1911598AF36CF5 /* Pods-Botakan.release.xcconfig */,
			);
			name = Pods;
			sourceTree = "<group>";
		};
		8E3D15F02019A9FD004720F3 /* SummerView */ = {
			isa = PBXGroup;
			children = (
				8E3D15F32019AAE6004720F3 /* Controller */,
				8E3D15F12019AA77004720F3 /* View */,
				8E3D15F22019AA9B004720F3 /* ExtensionView */,
			);
			path = SummerView;
			sourceTree = "<group>";
		};
		8E3D15F12019AA77004720F3 /* View */ = {
			isa = PBXGroup;
			children = (
				8E15084C200B4D5C00409ECD /* HeadTextView.swift */,
				8E9C29BE2020EE2F00BB462B /* ImageCellCV.swift */,
				8EDD10E72026EAD000DB6267 /* MusicView.swift */,
				8E37DFDD2025D65800E19382 /* CenterImageCell.swift */,
				8E1A36C0201F533F00E089F5 /* MenuButtons.swift */,
				8E1A36BD201F24FD00E089F5 /* DetailLabels.swift */,
				8E8C402720150641002DCE27 /* BallonsView.swift */,
				8E099EE2201A5D2F00151DE8 /* FeedBackView.swift */,
				8E1A36BA201F202200E089F5 /* FeedBackSons.swift */,
				8EA0E10920188D0E00C7DE57 /* MusicBtnMenu.swift */,
			);
			path = View;
			sourceTree = "<group>";
		};
		8E3D15F22019AA9B004720F3 /* ExtensionView */ = {
			isa = PBXGroup;
			children = (
				8E8C402520149535002DCE27 /* TakpakCVext.swift */,
				8E9C29BB2020ED3500BB462B /* TakpakImageCV.swift */,
			);
			path = ExtensionView;
			sourceTree = "<group>";
		};
		8E3D15F32019AAE6004720F3 /* Controller */ = {
			isa = PBXGroup;
			children = (
				8E90AAEB1FFFA2210070DD1B /* MenuViewController.swift */,
				8E0D77C9201081A4008F1FC2 /* TakpaktarVC.swift */,
				8EBAEB1620224B08008DB211 /* AnderVC.swift */,
				8E7CCC9D20135C2700B4E47A /* TakpakDetailsVC.swift */,
				8EDD10E42026E2F300DB6267 /* AnserDetailsViewController.swift */,
				8E37DFE02026463700E19382 /* ZhanyltViewController.swift */,
				8E37DFE32026531300E19382 /* SanamakViewController.swift */,
			);
			path = Controller;
			sourceTree = "<group>";
		};
		8E6D9B601FE8E5C700E0E3DC = {
			isa = PBXGroup;
			children = (
				8E6D9B981FE8E8D800E0E3DC /* Default-568h@2x.png */,
				8E6D9B6B1FE8E5C700E0E3DC /* Botakan */,
				8E6D9B6A1FE8E5C700E0E3DC /* Products */,
				810485A6B5B84D8826EA9840 /* Pods */,
				49297B44BE742846F57007CC /* Frameworks */,
			);
			sourceTree = "<group>";
		};
		8E6D9B6A1FE8E5C700E0E3DC /* Products */ = {
			isa = PBXGroup;
			children = (
				8E6D9B691FE8E5C700E0E3DC /* Botakan.app */,
			);
			name = Products;
			sourceTree = "<group>";
		};
		8E6D9B6B1FE8E5C700E0E3DC /* Botakan */ = {
			isa = PBXGroup;
			children = (
				8E6D9BA01FE8E91200E0E3DC /* ViewNodes */,
				8E6D9BBC1FE8E96100E0E3DC /* Extension */,
				8E6D9B851FE8E7FE00E0E3DC /* MainView */,
				8E3D15F02019A9FD004720F3 /* SummerView */,
				8E6D9B841FE8E7E800E0E3DC /* Others */,
				8E6D9B791FE8E5C700E0E3DC /* Assets.xcassets */,
				8E6D9B7E1FE8E5C700E0E3DC /* Info.plist */,
				8E6D9BC51FE8EAAA00E0E3DC /* Media */,
				8E6D9B881FE8E83900E0E3DC /* Helpers */,
			);
			path = Botakan;
			sourceTree = "<group>";
		};
		8E6D9B841FE8E7E800E0E3DC /* Others */ = {
			isa = PBXGroup;
			children = (
				8E6D9B6C1FE8E5C700E0E3DC /* AppDelegate.swift */,
				8E6D9B971FE8E86D00E0E3DC /* HelveticaMedCd.ttf */,
				8E6D9B761FE8E5C700E0E3DC /* Main.storyboard */,
				8E6D9B7B1FE8E5C700E0E3DC /* LaunchScreen.storyboard */,
			);
			path = Others;
			sourceTree = "<group>";
		};
		8E6D9B851FE8E7FE00E0E3DC /* MainView */ = {
			isa = PBXGroup;
			children = (
				8EBC61682016570C001F593E /* AnderScene.swift */,
				8E6D9B721FE8E5C700E0E3DC /* GameScene.swift */,
				8EBC617020165766001F593E /* SanamakScene.swift */,
				8EBC617120165767001F593E /* ZhanultpashScene.swift */,
				8E6D9B741FE8E5C700E0E3DC /* GameViewController.swift */,
			);
			path = MainView;
			sourceTree = "<group>";
		};
		8E6D9B881FE8E83900E0E3DC /* Helpers */ = {
			isa = PBXGroup;
			children = (
				8E6D9B8D1FE8E85800E0E3DC /* AllData.json */,
				8E6D9B891FE8E85700E0E3DC /* AnderData.json */,
				8E6D9B8F1FE8E85800E0E3DC /* Helpers.swift */,
				8E6D9B8A1FE8E85700E0E3DC /* ParsingJSON.swift */,
				8E6D9B8C1FE8E85800E0E3DC /* Sanamak.json */,
				8E6D9B8B1FE8E85700E0E3DC /* screenSize.swift */,
				8E6D9B8E1FE8E85800E0E3DC /* ZhanylData.json */,
			);
			path = Helpers;
			sourceTree = "<group>";
		};
		8E6D9BA01FE8E91200E0E3DC /* ViewNodes */ = {
			isa = PBXGroup;
			children = (
				8E6D9BAF1FE8E94000E0E3DC /* Views */,
				8E6D9BDF1FE8EBDF00E0E3DC /* MyParticle.sks */,
				8EF5E7722025B10100155124 /* AnderDetails.swift */,
				8EF5E7742025B10100155124 /* anderNodes.swift */,
				8EF5E76F2025B10100155124 /* menuNodes.swift */,
				8EF5E7752025B10100155124 /* SanamakDetails.swift */,
				8EF5E7712025B10100155124 /* TakpakDeatils.swift */,
				8EF5E7732025B10100155124 /* takpakView.swift */,
				8EF5E7702025B10100155124 /* ZhanyltDetails.swift */,
				8E6D9BE01FE8EBDF00E0E3DC /* Assets.xcassets */,
			);
			path = ViewNodes;
			sourceTree = "<group>";
		};
		8E6D9BAF1FE8E94000E0E3DC /* Views */ = {
			isa = PBXGroup;
			children = (
				8EF5E7632025B0DD00155124 /* BackgroundView.swift */,
				8EF5E7672025B0DE00155124 /* CLImage.swift */,
				8EF5E7642025B0DD00155124 /* CollectionViewDetails.swift */,
				8EF5E7622025B0DD00155124 /* DefaultBGImage.swift */,
				8EF5E7662025B0DE00155124 /* LabelView.swift */,
				8EF5E7612025B0DD00155124 /* ProgressBar.swift */,
			);
			path = Views;
			sourceTree = "<group>";
		};
		8E6D9BBC1FE8E96100E0E3DC /* Extension */ = {
			isa = PBXGroup;
			children = (
				8EF5E7802025B11500155124 /* AnderExtensionV.swift */,
				8EF5E77D2025B11500155124 /* SanamakExtensionV.swift */,
				8EF5E77F2025B11500155124 /* TakpaktarExtensionV.swift */,
				8EF5E77E2025B11500155124 /* ZhanyltpashExtensionV.swift */,
			);
			name = Extension;
			path = ViewNodes;
			sourceTree = "<group>";
		};
		8E6D9BC51FE8EAAA00E0E3DC /* Media */ = {
			isa = PBXGroup;
			children = (
				8EF5E7962025B2FF00155124 /* other-music-loops-08610001.mp3 */,
			);
			path = Media;
			sourceTree = "<group>";
		};
/* End PBXGroup section */

/* Begin PBXNativeTarget section */
		8E6D9B681FE8E5C700E0E3DC /* Botakan */ = {
			isa = PBXNativeTarget;
			buildConfigurationList = 8E6D9B811FE8E5C700E0E3DC /* Build configuration list for PBXNativeTarget "Botakan" */;
			buildPhases = (
				4307971E1E9916A9421E01D8 /* [CP] Check Pods Manifest.lock */,
				8E6D9B651FE8E5C700E0E3DC /* Sources */,
				8E6D9B661FE8E5C700E0E3DC /* Frameworks */,
				8E6D9B671FE8E5C700E0E3DC /* Resources */,
				0C162C446B02C0A0754FE05A /* [CP] Embed Pods Frameworks */,
				60F4988EDB930C910A05CCF4 /* [CP] Copy Pods Resources */,
			);
			buildRules = (
			);
			dependencies = (
			);
			name = Botakan;
			productName = Botakan;
			productReference = 8E6D9B691FE8E5C700E0E3DC /* Botakan.app */;
			productType = "com.apple.product-type.application";
		};
/* End PBXNativeTarget section */

/* Begin PBXProject section */
		8E6D9B611FE8E5C700E0E3DC /* Project object */ = {
			isa = PBXProject;
			attributes = {
				LastSwiftUpdateCheck = 0920;
				LastUpgradeCheck = 0920;
				ORGANIZATIONNAME = kusainovaka;
				TargetAttributes = {
					8E6D9B681FE8E5C700E0E3DC = {
						CreatedOnToolsVersion = 9.2;
						ProvisioningStyle = Automatic;
					};
				};
			};
			buildConfigurationList = 8E6D9B641FE8E5C700E0E3DC /* Build configuration list for PBXProject "Botakan" */;
			compatibilityVersion = "Xcode 8.0";
			developmentRegion = en;
			hasScannedForEncodings = 0;
			knownRegions = (
				en,
				Base,
			);
			mainGroup = 8E6D9B601FE8E5C700E0E3DC;
			productRefGroup = 8E6D9B6A1FE8E5C700E0E3DC /* Products */;
			projectDirPath = "";
			projectRoot = "";
			targets = (
				8E6D9B681FE8E5C700E0E3DC /* Botakan */,
			);
		};
/* End PBXProject section */

/* Begin PBXResourcesBuildPhase section */
		8E6D9B671FE8E5C700E0E3DC /* Resources */ = {
			isa = PBXResourcesBuildPhase;
			buildActionMask = 2147483647;
			files = (
				8EDD10E92026EBF900DB6267 /* MusicView.swift in Resources */,
				8EDD10E62026E35200DB6267 /* AnserDetailsViewController.swift in Resources */,
				8E37DFE52026531B00E19382 /* SanamakViewController.swift in Resources */,
				8E37DFE22026499F00E19382 /* ZhanyltViewController.swift in Resources */,
				8E37DFDF2025D82400E19382 /* CenterImageCell.swift in Resources */,
				8EF5E78B2025B1CD00155124 /* AnderDetails.swift in Resources */,
				8EF5E78C2025B1CD00155124 /* anderNodes.swift in Resources */,
				8EF5E78D2025B1CD00155124 /* menuNodes.swift in Resources */,
				8EF5E78E2025B1CD00155124 /* SanamakDetails.swift in Resources */,
				8EF5E78F2025B1CD00155124 /* TakpakDeatils.swift in Resources */,
				8EF5E7902025B1CD00155124 /* takpakView.swift in Resources */,
				8EF5E7912025B1CD00155124 /* ZhanyltDetails.swift in Resources */,
				8EF5E7922025B1CD00155124 /* AnderExtensionV.swift in Resources */,
				8EF5E7932025B1CD00155124 /* SanamakExtensionV.swift in Resources */,
				8EF5E7942025B1CD00155124 /* TakpaktarExtensionV.swift in Resources */,
				8EF5E7952025B1CD00155124 /* ZhanyltpashExtensionV.swift in Resources */,
				8EF5E7852025B17E00155124 /* BackgroundView.swift in Resources */,
				8EF5E7862025B17E00155124 /* CLImage.swift in Resources */,
				8EF5E7872025B17E00155124 /* CollectionViewDetails.swift in Resources */,
				8EF5E7882025B17E00155124 /* DefaultBGImage.swift in Resources */,
				8EF5E7892025B17E00155124 /* LabelView.swift in Resources */,
				8EF5E7972025B30000155124 /* other-music-loops-08610001.mp3 in Resources */,
				8EF5E78A2025B17E00155124 /* ProgressBar.swift in Resources */,
				8EBAEB1820224B5B008DB211 /* AnderVC.swift in Resources */,
				8E9C29C02020F00D00BB462B /* ImageCellCV.swift in Resources */,
				8E9C29BD2020EDA300BB462B /* TakpakImageCV.swift in Resources */,
				8E1A36C2201F541600E089F5 /* MenuButtons.swift in Resources */,
				8E1A36BF201F278100E089F5 /* DetailLabels.swift in Resources */,
				8E1A36BC201F221300E089F5 /* FeedBackSons.swift in Resources */,
				8E099EE4201A62FC00151DE8 /* FeedBackView.swift in Resources */,
				8EA0E10B20188DF400C7DE57 /* MusicBtnMenu.swift in Resources */,
				8E87FE7E20173A9C00FE7560 /* HeadTextView.swift in Resources */,
				8E87FE7F20173A9C00FE7560 /* BallonsView.swift in Resources */,
				8E87FE7A2017208600FE7560 /* TakpaktarVC.swift in Resources */,
				8E87FE7B2017208600FE7560 /* TakpakDetailsVC.swift in Resources */,
				8E87FE7C2017208600FE7560 /* TakpakCVext.swift in Resources */,
				8E87FE7D2017208600FE7560 /* Info.plist in Resources */,
				8E87FE772017206800FE7560 /* MenuViewController.swift in Resources */,
				8E87FE762017205200FE7560 /* AppDelegate.swift in Resources */,
				8E87FE732017014900FE7560 /* Helpers.swift in Resources */,
				8E87FE742017014900FE7560 /* ParsingJSON.swift in Resources */,
				8E87FE752017014900FE7560 /* screenSize.swift in Resources */,
				8E87FE6A2017011C00FE7560 /* AnderScene.swift in Resources */,
				8E87FE6B2017011C00FE7560 /* GameScene.swift in Resources */,
				8E87FE6C2017011C00FE7560 /* SanamakScene.swift in Resources */,
				8E87FE6D2017011C00FE7560 /* ZhanultpashScene.swift in Resources */,
				8E87FE6E2017011C00FE7560 /* GameViewController.swift in Resources */,
				8E6D9BDE1FE8EB4A00E0E3DC /* HelveticaMedCd.ttf in Resources */,
				8E6D9BE21FE8EBDF00E0E3DC /* Assets.xcassets in Resources */,
				8E6D9B781FE8E5C700E0E3DC /* Main.storyboard in Resources */,
				8E6D9B931FE8E85800E0E3DC /* Sanamak.json in Resources */,
				8E6D9B7A1FE8E5C700E0E3DC /* Assets.xcassets in Resources */,
				8E6D9B951FE8E85800E0E3DC /* ZhanylData.json in Resources */,
				8E6D9B941FE8E85800E0E3DC /* AllData.json in Resources */,
				8E6D9B991FE8E8D800E0E3DC /* Default-568h@2x.png in Resources */,
				8E6D9B901FE8E85800E0E3DC /* AnderData.json in Resources */,
				8E6D9B7D1FE8E5C700E0E3DC /* LaunchScreen.storyboard in Resources */,
				8E6D9BE11FE8EBDF00E0E3DC /* MyParticle.sks in Resources */,
			);
			runOnlyForDeploymentPostprocessing = 0;
		};
/* End PBXResourcesBuildPhase section */

/* Begin PBXShellScriptBuildPhase section */
		0C162C446B02C0A0754FE05A /* [CP] Embed Pods Frameworks */ = {
			isa = PBXShellScriptBuildPhase;
			buildActionMask = 2147483647;
			files = (
			);
			inputPaths = (
				"${SRCROOT}/Pods/Target Support Files/Pods-Botakan/Pods-Botakan-frameworks.sh",
				"${BUILT_PRODUCTS_DIR}/EasyPeasy/EasyPeasy.framework",
			);
			name = "[CP] Embed Pods Frameworks";
			outputPaths = (
				"${TARGET_BUILD_DIR}/${FRAMEWORKS_FOLDER_PATH}/EasyPeasy.framework",
			);
			runOnlyForDeploymentPostprocessing = 0;
			shellPath = /bin/sh;
			shellScript = "\"${SRCROOT}/Pods/Target Support Files/Pods-Botakan/Pods-Botakan-frameworks.sh\"\n";
			showEnvVarsInLog = 0;
		};
		4307971E1E9916A9421E01D8 /* [CP] Check Pods Manifest.lock */ = {
			isa = PBXShellScriptBuildPhase;
			buildActionMask = 2147483647;
			files = (
			);
			inputPaths = (
				"${PODS_PODFILE_DIR_PATH}/Podfile.lock",
				"${PODS_ROOT}/Manifest.lock",
			);
			name = "[CP] Check Pods Manifest.lock";
			outputPaths = (
				"$(DERIVED_FILE_DIR)/Pods-Botakan-checkManifestLockResult.txt",
			);
			runOnlyForDeploymentPostprocessing = 0;
			shellPath = /bin/sh;
			shellScript = "diff \"${PODS_PODFILE_DIR_PATH}/Podfile.lock\" \"${PODS_ROOT}/Manifest.lock\" > /dev/null\nif [ $? != 0 ] ; then\n    # print error to STDERR\n    echo \"error: The sandbox is not in sync with the Podfile.lock. Run 'pod install' or update your CocoaPods installation.\" >&2\n    exit 1\nfi\n# This output is used by Xcode 'outputs' to avoid re-running this script phase.\necho \"SUCCESS\" > \"${SCRIPT_OUTPUT_FILE_0}\"\n";
			showEnvVarsInLog = 0;
		};
		60F4988EDB930C910A05CCF4 /* [CP] Copy Pods Resources */ = {
			isa = PBXShellScriptBuildPhase;
			buildActionMask = 2147483647;
			files = (
			);
			inputPaths = (
			);
			name = "[CP] Copy Pods Resources";
			outputPaths = (
			);
			runOnlyForDeploymentPostprocessing = 0;
			shellPath = /bin/sh;
			shellScript = "\"${SRCROOT}/Pods/Target Support Files/Pods-Botakan/Pods-Botakan-resources.sh\"\n";
			showEnvVarsInLog = 0;
		};
/* End PBXShellScriptBuildPhase section */

/* Begin PBXSourcesBuildPhase section */
		8E6D9B651FE8E5C700E0E3DC /* Sources */ = {
			isa = PBXSourcesBuildPhase;
			buildActionMask = 2147483647;
			files = (
				8EBC617220166291001F593E /* AnderScene.swift in Sources */,
				8E9C29BF2020EE2F00BB462B /* ImageCellCV.swift in Sources */,
				8EF5E7822025B11500155124 /* ZhanyltpashExtensionV.swift in Sources */,
				8EBC617320166291001F593E /* SanamakScene.swift in Sources */,
				8EBAEB1720224B08008DB211 /* AnderVC.swift in Sources */,
				8EBC617420166291001F593E /* ZhanultpashScene.swift in Sources */,
				8E1A36BB201F202200E089F5 /* FeedBackSons.swift in Sources */,
				8E6D9B921FE8E85800E0E3DC /* screenSize.swift in Sources */,
				8E8C402620149535002DCE27 /* TakpakCVext.swift in Sources */,
				8E7CCC9E20135C2700B4E47A /* TakpakDetailsVC.swift in Sources */,
				8EF5E7792025B10200155124 /* AnderDetails.swift in Sources */,
				8E9C29BC2020ED3500BB462B /* TakpakImageCV.swift in Sources */,
				8E099EE3201A5D2F00151DE8 /* FeedBackView.swift in Sources */,
				8EF5E7682025B0DE00155124 /* ProgressBar.swift in Sources */,
				8EF5E76E2025B0DE00155124 /* CLImage.swift in Sources */,
				8E6D9B961FE8E85800E0E3DC /* Helpers.swift in Sources */,
				8EF5E76A2025B0DE00155124 /* BackgroundView.swift in Sources */,
				8EF5E77A2025B10200155124 /* takpakView.swift in Sources */,
				8EF5E7832025B11500155124 /* TakpaktarExtensionV.swift in Sources */,
				8EF5E7812025B11500155124 /* SanamakExtensionV.swift in Sources */,
				8EA0E10A20188D0E00C7DE57 /* MusicBtnMenu.swift in Sources */,
				8EF5E7782025B10200155124 /* TakpakDeatils.swift in Sources */,
				8EDD10E82026EAD100DB6267 /* MusicView.swift in Sources */,
				8E6D9B731FE8E5C700E0E3DC /* GameScene.swift in Sources */,
				8E37DFE12026463700E19382 /* ZhanyltViewController.swift in Sources */,
				8E37DFDE2025D65800E19382 /* CenterImageCell.swift in Sources */,
				8EF5E77B2025B10200155124 /* anderNodes.swift in Sources */,
				8EDD10E52026E2F300DB6267 /* AnserDetailsViewController.swift in Sources */,
				8E15084D200B4D5C00409ECD /* HeadTextView.swift in Sources */,
				8E1A36BE201F24FD00E089F5 /* DetailLabels.swift in Sources */,
				8E8C402820150641002DCE27 /* BallonsView.swift in Sources */,
				8E6D9B751FE8E5C700E0E3DC /* GameViewController.swift in Sources */,
				8EF5E77C2025B10200155124 /* SanamakDetails.swift in Sources */,
				8E37DFE42026531300E19382 /* SanamakViewController.swift in Sources */,
				8E6D9B911FE8E85800E0E3DC /* ParsingJSON.swift in Sources */,
				8EF5E76D2025B0DE00155124 /* LabelView.swift in Sources */,
				8EF5E7772025B10200155124 /* ZhanyltDetails.swift in Sources */,
				8E90AAEC1FFFA2210070DD1B /* MenuViewController.swift in Sources */,
				8EF5E7762025B10200155124 /* menuNodes.swift in Sources */,
				8E6D9B6D1FE8E5C700E0E3DC /* AppDelegate.swift in Sources */,
				8EF5E76B2025B0DE00155124 /* CollectionViewDetails.swift in Sources */,
				8EF5E7692025B0DE00155124 /* DefaultBGImage.swift in Sources */,
				8E1A36C1201F533F00E089F5 /* MenuButtons.swift in Sources */,
				8EF5E7842025B11500155124 /* AnderExtensionV.swift in Sources */,
				8E0D77CA201081A4008F1FC2 /* TakpaktarVC.swift in Sources */,
			);
			runOnlyForDeploymentPostprocessing = 0;
		};
/* End PBXSourcesBuildPhase section */

/* Begin PBXVariantGroup section */
		8E6D9B761FE8E5C700E0E3DC /* Main.storyboard */ = {
			isa = PBXVariantGroup;
			children = (
				8E6D9B771FE8E5C700E0E3DC /* Base */,
			);
			name = Main.storyboard;
			sourceTree = "<group>";
		};
		8E6D9B7B1FE8E5C700E0E3DC /* LaunchScreen.storyboard */ = {
			isa = PBXVariantGroup;
			children = (
				8E6D9B7C1FE8E5C700E0E3DC /* Base */,
			);
			name = LaunchScreen.storyboard;
			sourceTree = "<group>";
		};
/* End PBXVariantGroup section */

/* Begin XCBuildConfiguration section */
		8E6D9B7F1FE8E5C700E0E3DC /* Debug */ = {
			isa = XCBuildConfiguration;
			buildSettings = {
				ALWAYS_SEARCH_USER_PATHS = NO;
				CLANG_ANALYZER_NONNULL = YES;
				CLANG_ANALYZER_NUMBER_OBJECT_CONVERSION = YES_AGGRESSIVE;
				CLANG_CXX_LANGUAGE_STANDARD = "gnu++14";
				CLANG_CXX_LIBRARY = "libc++";
				CLANG_ENABLE_MODULES = YES;
				CLANG_ENABLE_OBJC_ARC = YES;
				CLANG_WARN_BLOCK_CAPTURE_AUTORELEASING = YES;
				CLANG_WARN_BOOL_CONVERSION = YES;
				CLANG_WARN_COMMA = YES;
				CLANG_WARN_CONSTANT_CONVERSION = YES;
				CLANG_WARN_DIRECT_OBJC_ISA_USAGE = YES_ERROR;
				CLANG_WARN_DOCUMENTATION_COMMENTS = YES;
				CLANG_WARN_EMPTY_BODY = YES;
				CLANG_WARN_ENUM_CONVERSION = YES;
				CLANG_WARN_INFINITE_RECURSION = YES;
				CLANG_WARN_INT_CONVERSION = YES;
				CLANG_WARN_NON_LITERAL_NULL_CONVERSION = YES;
				CLANG_WARN_OBJC_LITERAL_CONVERSION = YES;
				CLANG_WARN_OBJC_ROOT_CLASS = YES_ERROR;
				CLANG_WARN_RANGE_LOOP_ANALYSIS = YES;
				CLANG_WARN_STRICT_PROTOTYPES = YES;
				CLANG_WARN_SUSPICIOUS_MOVE = YES;
				CLANG_WARN_UNGUARDED_AVAILABILITY = YES_AGGRESSIVE;
				CLANG_WARN_UNREACHABLE_CODE = YES;
				CLANG_WARN__DUPLICATE_METHOD_MATCH = YES;
				CODE_SIGN_IDENTITY = "iPhone Developer";
				COPY_PHASE_STRIP = NO;
				DEBUG_INFORMATION_FORMAT = dwarf;
				ENABLE_STRICT_OBJC_MSGSEND = YES;
				ENABLE_TESTABILITY = YES;
				GCC_C_LANGUAGE_STANDARD = gnu11;
				GCC_DYNAMIC_NO_PIC = NO;
				GCC_NO_COMMON_BLOCKS = YES;
				GCC_OPTIMIZATION_LEVEL = 0;
				GCC_PREPROCESSOR_DEFINITIONS = (
					"DEBUG=1",
					"$(inherited)",
				);
				GCC_WARN_64_TO_32_BIT_CONVERSION = YES;
				GCC_WARN_ABOUT_RETURN_TYPE = YES_ERROR;
				GCC_WARN_UNDECLARED_SELECTOR = YES;
				GCC_WARN_UNINITIALIZED_AUTOS = YES_AGGRESSIVE;
				GCC_WARN_UNUSED_FUNCTION = YES;
				GCC_WARN_UNUSED_VARIABLE = YES;
				IPHONEOS_DEPLOYMENT_TARGET = 11.2;
				MTL_ENABLE_DEBUG_INFO = YES;
				ONLY_ACTIVE_ARCH = YES;
				SDKROOT = iphoneos;
				SWIFT_ACTIVE_COMPILATION_CONDITIONS = DEBUG;
				SWIFT_OPTIMIZATION_LEVEL = "-Onone";
			};
			name = Debug;
		};
		8E6D9B801FE8E5C700E0E3DC /* Release */ = {
			isa = XCBuildConfiguration;
			buildSettings = {
				ALWAYS_SEARCH_USER_PATHS = NO;
				CLANG_ANALYZER_NONNULL = YES;
				CLANG_ANALYZER_NUMBER_OBJECT_CONVERSION = YES_AGGRESSIVE;
				CLANG_CXX_LANGUAGE_STANDARD = "gnu++14";
				CLANG_CXX_LIBRARY = "libc++";
				CLANG_ENABLE_MODULES = YES;
				CLANG_ENABLE_OBJC_ARC = YES;
				CLANG_WARN_BLOCK_CAPTURE_AUTORELEASING = YES;
				CLANG_WARN_BOOL_CONVERSION = YES;
				CLANG_WARN_COMMA = YES;
				CLANG_WARN_CONSTANT_CONVERSION = YES;
				CLANG_WARN_DIRECT_OBJC_ISA_USAGE = YES_ERROR;
				CLANG_WARN_DOCUMENTATION_COMMENTS = YES;
				CLANG_WARN_EMPTY_BODY = YES;
				CLANG_WARN_ENUM_CONVERSION = YES;
				CLANG_WARN_INFINITE_RECURSION = YES;
				CLANG_WARN_INT_CONVERSION = YES;
				CLANG_WARN_NON_LITERAL_NULL_CONVERSION = YES;
				CLANG_WARN_OBJC_LITERAL_CONVERSION = YES;
				CLANG_WARN_OBJC_ROOT_CLASS = YES_ERROR;
				CLANG_WARN_RANGE_LOOP_ANALYSIS = YES;
				CLANG_WARN_STRICT_PROTOTYPES = YES;
				CLANG_WARN_SUSPICIOUS_MOVE = YES;
				CLANG_WARN_UNGUARDED_AVAILABILITY = YES_AGGRESSIVE;
				CLANG_WARN_UNREACHABLE_CODE = YES;
				CLANG_WARN__DUPLICATE_METHOD_MATCH = YES;
				CODE_SIGN_IDENTITY = "iPhone Developer";
				COPY_PHASE_STRIP = NO;
				DEBUG_INFORMATION_FORMAT = "dwarf-with-dsym";
				ENABLE_NS_ASSERTIONS = NO;
				ENABLE_STRICT_OBJC_MSGSEND = YES;
				GCC_C_LANGUAGE_STANDARD = gnu11;
				GCC_NO_COMMON_BLOCKS = YES;
				GCC_WARN_64_TO_32_BIT_CONVERSION = YES;
				GCC_WARN_ABOUT_RETURN_TYPE = YES_ERROR;
				GCC_WARN_UNDECLARED_SELECTOR = YES;
				GCC_WARN_UNINITIALIZED_AUTOS = YES_AGGRESSIVE;
				GCC_WARN_UNUSED_FUNCTION = YES;
				GCC_WARN_UNUSED_VARIABLE = YES;
				IPHONEOS_DEPLOYMENT_TARGET = 11.2;
				MTL_ENABLE_DEBUG_INFO = NO;
				SDKROOT = iphoneos;
				SWIFT_OPTIMIZATION_LEVEL = "-Owholemodule";
				VALIDATE_PRODUCT = YES;
			};
			name = Release;
		};
		8E6D9B821FE8E5C700E0E3DC /* Debug */ = {
			isa = XCBuildConfiguration;
			baseConfigurationReference = DDC95B2DBF50FCAD9CDC1E7F /* Pods-Botakan.debug.xcconfig */;
			buildSettings = {
				ASSETCATALOG_COMPILER_APPICON_NAME = AppIcon;
				CODE_SIGN_STYLE = Automatic;
				DEVELOPMENT_TEAM = 3456T57P5Z;
				INFOPLIST_FILE = Botakan/Info.plist;
				IPHONEOS_DEPLOYMENT_TARGET = 10.3;
				LD_RUNPATH_SEARCH_PATHS = "$(inherited) @executable_path/Frameworks";
				PRODUCT_BUNDLE_IDENTIFIER = kamila.instamamakaz;
				PRODUCT_NAME = "$(TARGET_NAME)";
				SWIFT_VERSION = 4.0;
				TARGETED_DEVICE_FAMILY = "1,2";
			};
			name = Debug;
		};
		8E6D9B831FE8E5C700E0E3DC /* Release */ = {
			isa = XCBuildConfiguration;
			baseConfigurationReference = 69C7AE5FBE1911598AF36CF5 /* Pods-Botakan.release.xcconfig */;
			buildSettings = {
				ASSETCATALOG_COMPILER_APPICON_NAME = AppIcon;
				CODE_SIGN_STYLE = Automatic;
				DEVELOPMENT_TEAM = 3456T57P5Z;
				INFOPLIST_FILE = Botakan/Info.plist;
				IPHONEOS_DEPLOYMENT_TARGET = 10.3;
				LD_RUNPATH_SEARCH_PATHS = "$(inherited) @executable_path/Frameworks";
				PRODUCT_BUNDLE_IDENTIFIER = kamila.instamamakaz;
				PRODUCT_NAME = "$(TARGET_NAME)";
				SWIFT_VERSION = 4.0;
				TARGETED_DEVICE_FAMILY = "1,2";
			};
			name = Release;
		};
/* End XCBuildConfiguration section */

/* Begin XCConfigurationList section */
		8E6D9B641FE8E5C700E0E3DC /* Build configuration list for PBXProject "Botakan" */ = {
			isa = XCConfigurationList;
			buildConfigurations = (
				8E6D9B7F1FE8E5C700E0E3DC /* Debug */,
				8E6D9B801FE8E5C700E0E3DC /* Release */,
			);
			defaultConfigurationIsVisible = 0;
			defaultConfigurationName = Release;
		};
		8E6D9B811FE8E5C700E0E3DC /* Build configuration list for PBXNativeTarget "Botakan" */ = {
			isa = XCConfigurationList;
			buildConfigurations = (
				8E6D9B821FE8E5C700E0E3DC /* Debug */,
				8E6D9B831FE8E5C700E0E3DC /* Release */,
			);
			defaultConfigurationIsVisible = 0;
			defaultConfigurationName = Release;
		};
/* End XCConfigurationList section */
	};
	rootObject = 8E6D9B611FE8E5C700E0E3DC /* Project object */;
}
