// !$*UTF8*$!
{
	archiveVersion = 1;
	classes = {
	};
	objectVersion = 48;
	objects = {

/* Begin PBXBuildFile section */
		8E099EE3201A5D2F00151DE8 /* FeedBackView.swift in Sources */ = {isa = PBXBuildFile; fileRef = 8E099EE2201A5D2F00151DE8 /* FeedBackView.swift */; };
		8E0D77CA201081A4008F1FC2 /* TakpaktarVC.swift in Sources */ = {isa = PBXBuildFile; fileRef = 8E0D77C9201081A4008F1FC2 /* TakpaktarVC.swift */; };
		8E15084D200B4D5C00409ECD /* HeadTextView.swift in Sources */ = {isa = PBXBuildFile; fileRef = 8E15084C200B4D5C00409ECD /* HeadTextView.swift */; };
		8E1A36BB201F202200E089F5 /* FeedBackSons.swift in Sources */ = {isa = PBXBuildFile; fileRef = 8E1A36BA201F202200E089F5 /* FeedBackSons.swift */; };
		8E1A36BE201F24FD00E089F5 /* DetailLabels.swift in Sources */ = {isa = PBXBuildFile; fileRef = 8E1A36BD201F24FD00E089F5 /* DetailLabels.swift */; };
		8E1A36C1201F533F00E089F5 /* MenuButtons.swift in Sources */ = {isa = PBXBuildFile; fileRef = 8E1A36C0201F533F00E089F5 /* MenuButtons.swift */; };
		8E37DFDE2025D65800E19382 /* CenterImageCell.swift in Sources */ = {isa = PBXBuildFile; fileRef = 8E37DFDD2025D65800E19382 /* CenterImageCell.swift */; };
		8E37DFE12026463700E19382 /* ZhanyltViewController.swift in Sources */ = {isa = PBXBuildFile; fileRef = 8E37DFE02026463700E19382 /* ZhanyltViewController.swift */; };
		8E37DFE42026531300E19382 /* SanamakViewController.swift in Sources */ = {isa = PBXBuildFile; fileRef = 8E37DFE32026531300E19382 /* SanamakViewController.swift */; };
		8E6D9B6D1FE8E5C700E0E3DC /* AppDelegate.swift in Sources */ = {isa = PBXBuildFile; fileRef = 8E6D9B6C1FE8E5C700E0E3DC /* AppDelegate.swift */; };
		8E6D9B781FE8E5C700E0E3DC /* Main.storyboard in Resources */ = {isa = PBXBuildFile; fileRef = 8E6D9B761FE8E5C700E0E3DC /* Main.storyboard */; };
		8E6D9B7D1FE8E5C700E0E3DC /* LaunchScreen.storyboard in Resources */ = {isa = PBXBuildFile; fileRef = 8E6D9B7B1FE8E5C700E0E3DC /* LaunchScreen.storyboard */; };
		8E6D9B901FE8E85800E0E3DC /* AnderData.json in Resources */ = {isa = PBXBuildFile; fileRef = 8E6D9B891FE8E85700E0E3DC /* AnderData.json */; };
		8E6D9B911FE8E85800E0E3DC /* ParsingJSON.swift in Sources */ = {isa = PBXBuildFile; fileRef = 8E6D9B8A1FE8E85700E0E3DC /* ParsingJSON.swift */; };
		8E6D9B921FE8E85800E0E3DC /* screenSize.swift in Sources */ = {isa = PBXBuildFile; fileRef = 8E6D9B8B1FE8E85700E0E3DC /* screenSize.swift */; };
		8E6D9B931FE8E85800E0E3DC /* Sanamak.json in Resources */ = {isa = PBXBuildFile; fileRef = 8E6D9B8C1FE8E85800E0E3DC /* Sanamak.json */; };
		8E6D9B941FE8E85800E0E3DC /* AllData.json in Resources */ = {isa = PBXBuildFile; fileRef = 8E6D9B8D1FE8E85800E0E3DC /* AllData.json */; };
		8E6D9B951FE8E85800E0E3DC /* ZhanylData.json in Resources */ = {isa = PBXBuildFile; fileRef = 8E6D9B8E1FE8E85800E0E3DC /* ZhanylData.json */; };
		8E6D9B961FE8E85800E0E3DC /* Helpers.swift in Sources */ = {isa = PBXBuildFile; fileRef = 8E6D9B8F1FE8E85800E0E3DC /* Helpers.swift */; };
		8E6D9B991FE8E8D800E0E3DC /* Default-568h@2x.png in Resources */ = {isa = PBXBuildFile; fileRef = 8E6D9B981FE8E8D800E0E3DC /* Default-568h@2x.png */; };
		8E6D9BDE1FE8EB4A00E0E3DC /* HelveticaMedCd.ttf in Resources */ = {isa = PBXBuildFile; fileRef = 8E6D9B971FE8E86D00E0E3DC /* HelveticaMedCd.ttf */; };
		8E6D9BE11FE8EBDF00E0E3DC /* MyParticle.sks in Resources */ = {isa = PBXBuildFile; fileRef = 8E6D9BDF1FE8EBDF00E0E3DC /* MyParticle.sks */; };
		8E7CCC9E20135C2700B4E47A /* TakpakDetailsVC.swift in Sources */ = {isa = PBXBuildFile; fileRef = 8E7CCC9D20135C2700B4E47A /* TakpakDetailsVC.swift */; };
		8E8C402820150641002DCE27 /* BallonsView.swift in Sources */ = {isa = PBXBuildFile; fileRef = 8E8C402720150641002DCE27 /* BallonsView.swift */; };
		8E90AAEC1FFFA2210070DD1B /* MenuViewController.swift in Sources */ = {isa = PBXBuildFile; fileRef = 8E90AAEB1FFFA2210070DD1B /* MenuViewController.swift */; };
		8E9C29BF2020EE2F00BB462B /* ImageCellCV.swift in Sources */ = {isa = PBXBuildFile; fileRef = 8E9C29BE2020EE2F00BB462B /* ImageCellCV.swift */; };
		8EBAEB1720224B08008DB211 /* AnderVC.swift in Sources */ = {isa = PBXBuildFile; fileRef = 8EBAEB1620224B08008DB211 /* AnderVC.swift */; };
		8ECEDFB02047E12900C22F0A /* SanamakDetailsVC.swift in Sources */ = {isa = PBXBuildFile; fileRef = 8ECEDFAF2047E12900C22F0A /* SanamakDetailsVC.swift */; };
		8EDD10E52026E2F300DB6267 /* AnserDetailsViewController.swift in Sources */ = {isa = PBXBuildFile; fileRef = 8EDD10E42026E2F300DB6267 /* AnserDetailsViewController.swift */; };
		8EDD10E82026EAD100DB6267 /* MusicView.swift in Sources */ = {isa = PBXBuildFile; fileRef = 8EDD10E72026EAD000DB6267 /* MusicView.swift */; };
		8EE3C5112056D8E7003F277B /* mamam.mp3 in Resources */ = {isa = PBXBuildFile; fileRef = 8EE3C5072056D8E4003F277B /* mamam.mp3 */; };
		8EE3C5122056D8E7003F277B /* koktem.mp3 in Resources */ = {isa = PBXBuildFile; fileRef = 8EE3C5082056D8E4003F277B /* koktem.mp3 */; };
		8EE3C5132056D8E7003F277B /* Beibyt.mp3 in Resources */ = {isa = PBXBuildFile; fileRef = 8EE3C5092056D8E4003F277B /* Beibyt.mp3 */; };
		8EE3C5142056D8E7003F277B /* shyrsha.mp3 in Resources */ = {isa = PBXBuildFile; fileRef = 8EE3C50A2056D8E5003F277B /* shyrsha.mp3 */; };
		8EE3C5152056D8E7003F277B /* Garyshker.mp3 in Resources */ = {isa = PBXBuildFile; fileRef = 8EE3C50B2056D8E5003F277B /* Garyshker.mp3 */; };
		8EE3C5162056D8E7003F277B /* koshtasu.mp3 in Resources */ = {isa = PBXBuildFile; fileRef = 8EE3C50C2056D8E6003F277B /* koshtasu.mp3 */; };
		8EE3C5172056D8E7003F277B /* balalardy.mp3 in Resources */ = {isa = PBXBuildFile; fileRef = 8EE3C50D2056D8E6003F277B /* balalardy.mp3 */; };
		8EE3C5182056D8E7003F277B /* dostyk.mp3 in Resources */ = {isa = PBXBuildFile; fileRef = 8EE3C50E2056D8E6003F277B /* dostyk.mp3 */; };
		8EE3C5192056D8E7003F277B /* Jas.mp3 in Resources */ = {isa = PBXBuildFile; fileRef = 8EE3C50F2056D8E7003F277B /* Jas.mp3 */; };
		8EE3C51A2056D8E7003F277B /* asNauryz.mp3 in Resources */ = {isa = PBXBuildFile; fileRef = 8EE3C5102056D8E7003F277B /* asNauryz.mp3 */; };
		8EE56A082055B32C002070C7 /* 9.mp3 in Resources */ = {isa = PBXBuildFile; fileRef = 8EE569FD2055B326002070C7 /* 9.mp3 */; };
		8EE56A092055B32C002070C7 /* 2.mp3 in Resources */ = {isa = PBXBuildFile; fileRef = 8EE569FE2055B327002070C7 /* 2.mp3 */; };
		8EE56A0A2055B32C002070C7 /* 3.mp3 in Resources */ = {isa = PBXBuildFile; fileRef = 8EE569FF2055B328002070C7 /* 3.mp3 */; };
		8EE56A0B2055B32C002070C7 /* 10.mp3 in Resources */ = {isa = PBXBuildFile; fileRef = 8EE56A002055B328002070C7 /* 10.mp3 */; };
		8EE56A0C2055B32C002070C7 /* 1.mp3 in Resources */ = {isa = PBXBuildFile; fileRef = 8EE56A012055B329002070C7 /* 1.mp3 */; };
		8EE56A0D2055B32C002070C7 /* 6.mp3 in Resources */ = {isa = PBXBuildFile; fileRef = 8EE56A022055B329002070C7 /* 6.mp3 */; };
		8EE56A0E2055B32C002070C7 /* 7.mp3 in Resources */ = {isa = PBXBuildFile; fileRef = 8EE56A032055B32A002070C7 /* 7.mp3 */; };
		8EE56A0F2055B32C002070C7 /* 11.mp3 in Resources */ = {isa = PBXBuildFile; fileRef = 8EE56A042055B32A002070C7 /* 11.mp3 */; };
		8EE56A102055B32C002070C7 /* 8.mp3 in Resources */ = {isa = PBXBuildFile; fileRef = 8EE56A052055B32A002070C7 /* 8.mp3 */; };
		8EE56A112055B32C002070C7 /* 4.mp3 in Resources */ = {isa = PBXBuildFile; fileRef = 8EE56A062055B32B002070C7 /* 4.mp3 */; };
		8EE56A122055B32C002070C7 /* 5.mp3 in Resources */ = {isa = PBXBuildFile; fileRef = 8EE56A072055B32B002070C7 /* 5.mp3 */; };
		8EE6F7A220583F4E008635DB /* ZhanyltDetailsViewController.swift in Sources */ = {isa = PBXBuildFile; fileRef = 8EE6F7A120583F4E008635DB /* ZhanyltDetailsViewController.swift */; };
		8EE6F7A4205847A7008635DB /* Assets.xcassets in Resources */ = {isa = PBXBuildFile; fileRef = 8E6D9BE01FE8EBDF00E0E3DC /* Assets.xcassets */; };
		8EE6F7A6205847E0008635DB /* Assets.xcassets in Resources */ = {isa = PBXBuildFile; fileRef = 8EE6F7A5205847E0008635DB /* Assets.xcassets */; };
		8EF33B832058C5B0000C5CE4 /* MusicBtnMenu.swift in Sources */ = {isa = PBXBuildFile; fileRef = 8EA0E10920188D0E00C7DE57 /* MusicBtnMenu.swift */; };
		8EF5E7682025B0DE00155124 /* ProgressBar.swift in Sources */ = {isa = PBXBuildFile; fileRef = 8EF5E7612025B0DD00155124 /* ProgressBar.swift */; };
		8EF5E7692025B0DE00155124 /* DefaultBGImage.swift in Sources */ = {isa = PBXBuildFile; fileRef = 8EF5E7622025B0DD00155124 /* DefaultBGImage.swift */; };
		8EF5E76A2025B0DE00155124 /* BackgroundView.swift in Sources */ = {isa = PBXBuildFile; fileRef = 8EF5E7632025B0DD00155124 /* BackgroundView.swift */; };
		8EF5E76B2025B0DE00155124 /* CollectionViewDetails.swift in Sources */ = {isa = PBXBuildFile; fileRef = 8EF5E7642025B0DD00155124 /* CollectionViewDetails.swift */; };
		8EF5E76D2025B0DE00155124 /* LabelView.swift in Sources */ = {isa = PBXBuildFile; fileRef = 8EF5E7662025B0DE00155124 /* LabelView.swift */; };
		8EF5E76E2025B0DE00155124 /* CLImage.swift in Sources */ = {isa = PBXBuildFile; fileRef = 8EF5E7672025B0DE00155124 /* CLImage.swift */; };
		8EF5E7972025B30000155124 /* MainMusic.mp3 in Resources */ = {isa = PBXBuildFile; fileRef = 8EF5E7962025B2FF00155124 /* MainMusic.mp3 */; };
		9D76546255D14CDEE7E5624E /* Pods_Botakan.framework in Frameworks */ = {isa = PBXBuildFile; fileRef = 8C4FC35A0B099ABA6465B19C /* Pods_Botakan.framework */; };
/* End PBXBuildFile section */

/* Begin PBXFileReference section */
		69C7AE5FBE1911598AF36CF5 /* Pods-Botakan.release.xcconfig */ = {isa = PBXFileReference; includeInIndex = 1; lastKnownFileType = text.xcconfig; name = "Pods-Botakan.release.xcconfig"; path = "Pods/Target Support Files/Pods-Botakan/Pods-Botakan.release.xcconfig"; sourceTree = "<group>"; };
		8C4FC35A0B099ABA6465B19C /* Pods_Botakan.framework */ = {isa = PBXFileReference; explicitFileType = wrapper.framework; includeInIndex = 0; path = Pods_Botakan.framework; sourceTree = BUILT_PRODUCTS_DIR; };
		8E099EE2201A5D2F00151DE8 /* FeedBackView.swift */ = {isa = PBXFileReference; lastKnownFileType = sourcecode.swift; path = FeedBackView.swift; sourceTree = "<group>"; };
		8E0D77C9201081A4008F1FC2 /* TakpaktarVC.swift */ = {isa = PBXFileReference; lastKnownFileType = sourcecode.swift; path = TakpaktarVC.swift; sourceTree = "<group>"; };
		8E15084C200B4D5C00409ECD /* HeadTextView.swift */ = {isa = PBXFileReference; lastKnownFileType = sourcecode.swift; path = HeadTextView.swift; sourceTree = "<group>"; };
		8E1A36BA201F202200E089F5 /* FeedBackSons.swift */ = {isa = PBXFileReference; lastKnownFileType = sourcecode.swift; path = FeedBackSons.swift; sourceTree = "<group>"; };
		8E1A36BD201F24FD00E089F5 /* DetailLabels.swift */ = {isa = PBXFileReference; lastKnownFileType = sourcecode.swift; path = DetailLabels.swift; sourceTree = "<group>"; };
		8E1A36C0201F533F00E089F5 /* MenuButtons.swift */ = {isa = PBXFileReference; lastKnownFileType = sourcecode.swift; path = MenuButtons.swift; sourceTree = "<group>"; };
		8E37DFDD2025D65800E19382 /* CenterImageCell.swift */ = {isa = PBXFileReference; lastKnownFileType = sourcecode.swift; path = CenterImageCell.swift; sourceTree = "<group>"; };
		8E37DFE02026463700E19382 /* ZhanyltViewController.swift */ = {isa = PBXFileReference; lastKnownFileType = sourcecode.swift; path = ZhanyltViewController.swift; sourceTree = "<group>"; };
		8E37DFE32026531300E19382 /* SanamakViewController.swift */ = {isa = PBXFileReference; lastKnownFileType = sourcecode.swift; path = SanamakViewController.swift; sourceTree = "<group>"; };
		8E6D9B691FE8E5C700E0E3DC /* Botakan.app */ = {isa = PBXFileReference; explicitFileType = wrapper.application; includeInIndex = 0; path = Botakan.app; sourceTree = BUILT_PRODUCTS_DIR; };
		8E6D9B6C1FE8E5C700E0E3DC /* AppDelegate.swift */ = {isa = PBXFileReference; lastKnownFileType = sourcecode.swift; path = AppDelegate.swift; sourceTree = "<group>"; };
		8E6D9B771FE8E5C700E0E3DC /* Base */ = {isa = PBXFileReference; lastKnownFileType = file.storyboard; name = Base; path = Base.lproj/Main.storyboard; sourceTree = "<group>"; };
		8E6D9B7C1FE8E5C700E0E3DC /* Base */ = {isa = PBXFileReference; lastKnownFileType = file.storyboard; name = Base; path = Base.lproj/LaunchScreen.storyboard; sourceTree = "<group>"; };
		8E6D9B7E1FE8E5C700E0E3DC /* Info.plist */ = {isa = PBXFileReference; lastKnownFileType = text.plist.xml; path = Info.plist; sourceTree = "<group>"; };
		8E6D9B891FE8E85700E0E3DC /* AnderData.json */ = {isa = PBXFileReference; fileEncoding = 4; lastKnownFileType = text.json; path = AnderData.json; sourceTree = "<group>"; };
		8E6D9B8A1FE8E85700E0E3DC /* ParsingJSON.swift */ = {isa = PBXFileReference; fileEncoding = 4; lastKnownFileType = sourcecode.swift; path = ParsingJSON.swift; sourceTree = "<group>"; };
		8E6D9B8B1FE8E85700E0E3DC /* screenSize.swift */ = {isa = PBXFileReference; fileEncoding = 4; lastKnownFileType = sourcecode.swift; path = screenSize.swift; sourceTree = "<group>"; };
		8E6D9B8C1FE8E85800E0E3DC /* Sanamak.json */ = {isa = PBXFileReference; fileEncoding = 4; lastKnownFileType = text.json; path = Sanamak.json; sourceTree = "<group>"; };
		8E6D9B8D1FE8E85800E0E3DC /* AllData.json */ = {isa = PBXFileReference; fileEncoding = 4; lastKnownFileType = text.json; path = AllData.json; sourceTree = "<group>"; };
		8E6D9B8E1FE8E85800E0E3DC /* ZhanylData.json */ = {isa = PBXFileReference; fileEncoding = 4; lastKnownFileType = text.json; path = ZhanylData.json; sourceTree = "<group>"; };
		8E6D9B8F1FE8E85800E0E3DC /* Helpers.swift */ = {isa = PBXFileReference; fileEncoding = 4; lastKnownFileType = sourcecode.swift; path = Helpers.swift; sourceTree = "<group>"; };
		8E6D9B971FE8E86D00E0E3DC /* HelveticaMedCd.ttf */ = {isa = PBXFileReference; lastKnownFileType = file; path = HelveticaMedCd.ttf; sourceTree = "<group>"; };
		8E6D9B981FE8E8D800E0E3DC /* Default-568h@2x.png */ = {isa = PBXFileReference; lastKnownFileType = image.png; path = "Default-568h@2x.png"; sourceTree = "<group>"; };
		8E6D9BDF1FE8EBDF00E0E3DC /* MyParticle.sks */ = {isa = PBXFileReference; lastKnownFileType = file.sks; name = MyParticle.sks; path = Botakan/Media/MyParticle.sks; sourceTree = SOURCE_ROOT; };
		8E6D9BE01FE8EBDF00E0E3DC /* Assets.xcassets */ = {isa = PBXFileReference; lastKnownFileType = folder.assetcatalog; name = Assets.xcassets; path = Botakan/Media/Assets.xcassets; sourceTree = SOURCE_ROOT; };
		8E7CCC9D20135C2700B4E47A /* TakpakDetailsVC.swift */ = {isa = PBXFileReference; lastKnownFileType = sourcecode.swift; path = TakpakDetailsVC.swift; sourceTree = "<group>"; };
		8E8C402720150641002DCE27 /* BallonsView.swift */ = {isa = PBXFileReference; lastKnownFileType = sourcecode.swift; path = BallonsView.swift; sourceTree = "<group>"; };
		8E90AAEB1FFFA2210070DD1B /* MenuViewController.swift */ = {isa = PBXFileReference; fileEncoding = 4; lastKnownFileType = sourcecode.swift; path = MenuViewController.swift; sourceTree = "<group>"; };
		8E9C29BE2020EE2F00BB462B /* ImageCellCV.swift */ = {isa = PBXFileReference; lastKnownFileType = sourcecode.swift; path = ImageCellCV.swift; sourceTree = "<group>"; };
		8EA0E10920188D0E00C7DE57 /* MusicBtnMenu.swift */ = {isa = PBXFileReference; fileEncoding = 4; lastKnownFileType = sourcecode.swift; path = MusicBtnMenu.swift; sourceTree = "<group>"; };
		8EBAEB1620224B08008DB211 /* AnderVC.swift */ = {isa = PBXFileReference; lastKnownFileType = sourcecode.swift; path = AnderVC.swift; sourceTree = "<group>"; };
		8ECEDFAF2047E12900C22F0A /* SanamakDetailsVC.swift */ = {isa = PBXFileReference; lastKnownFileType = sourcecode.swift; path = SanamakDetailsVC.swift; sourceTree = "<group>"; };
		8EDD10E42026E2F300DB6267 /* AnserDetailsViewController.swift */ = {isa = PBXFileReference; lastKnownFileType = sourcecode.swift; path = AnserDetailsViewController.swift; sourceTree = "<group>"; };
		8EDD10E72026EAD000DB6267 /* MusicView.swift */ = {isa = PBXFileReference; lastKnownFileType = sourcecode.swift; path = MusicView.swift; sourceTree = "<group>"; };
		8EE3C5072056D8E4003F277B /* mamam.mp3 */ = {isa = PBXFileReference; lastKnownFileType = audio.mp3; path = mamam.mp3; sourceTree = "<group>"; };
		8EE3C5082056D8E4003F277B /* koktem.mp3 */ = {isa = PBXFileReference; lastKnownFileType = audio.mp3; path = koktem.mp3; sourceTree = "<group>"; };
		8EE3C5092056D8E4003F277B /* Beibyt.mp3 */ = {isa = PBXFileReference; lastKnownFileType = audio.mp3; path = Beibyt.mp3; sourceTree = "<group>"; };
		8EE3C50A2056D8E5003F277B /* shyrsha.mp3 */ = {isa = PBXFileReference; lastKnownFileType = audio.mp3; path = shyrsha.mp3; sourceTree = "<group>"; };
		8EE3C50B2056D8E5003F277B /* Garyshker.mp3 */ = {isa = PBXFileReference; lastKnownFileType = audio.mp3; path = Garyshker.mp3; sourceTree = "<group>"; };
		8EE3C50C2056D8E6003F277B /* koshtasu.mp3 */ = {isa = PBXFileReference; lastKnownFileType = audio.mp3; path = koshtasu.mp3; sourceTree = "<group>"; };
		8EE3C50D2056D8E6003F277B /* balalardy.mp3 */ = {isa = PBXFileReference; lastKnownFileType = audio.mp3; path = balalardy.mp3; sourceTree = "<group>"; };
		8EE3C50E2056D8E6003F277B /* dostyk.mp3 */ = {isa = PBXFileReference; lastKnownFileType = audio.mp3; path = dostyk.mp3; sourceTree = "<group>"; };
		8EE3C50F2056D8E7003F277B /* Jas.mp3 */ = {isa = PBXFileReference; lastKnownFileType = audio.mp3; path = Jas.mp3; sourceTree = "<group>"; };
		8EE3C5102056D8E7003F277B /* asNauryz.mp3 */ = {isa = PBXFileReference; lastKnownFileType = audio.mp3; path = asNauryz.mp3; sourceTree = "<group>"; };
		8EE569FD2055B326002070C7 /* 9.mp3 */ = {isa = PBXFileReference; lastKnownFileType = audio.mp3; path = 9.mp3; sourceTree = "<group>"; };
		8EE569FE2055B327002070C7 /* 2.mp3 */ = {isa = PBXFileReference; lastKnownFileType = audio.mp3; path = 2.mp3; sourceTree = "<group>"; };
		8EE569FF2055B328002070C7 /* 3.mp3 */ = {isa = PBXFileReference; lastKnownFileType = audio.mp3; path = 3.mp3; sourceTree = "<group>"; };
		8EE56A002055B328002070C7 /* 10.mp3 */ = {isa = PBXFileReference; lastKnownFileType = audio.mp3; path = 10.mp3; sourceTree = "<group>"; };
		8EE56A012055B329002070C7 /* 1.mp3 */ = {isa = PBXFileReference; lastKnownFileType = audio.mp3; path = 1.mp3; sourceTree = "<group>"; };
		8EE56A022055B329002070C7 /* 6.mp3 */ = {isa = PBXFileReference; lastKnownFileType = audio.mp3; path = 6.mp3; sourceTree = "<group>"; };
		8EE56A032055B32A002070C7 /* 7.mp3 */ = {isa = PBXFileReference; lastKnownFileType = audio.mp3; path = 7.mp3; sourceTree = "<group>"; };
		8EE56A042055B32A002070C7 /* 11.mp3 */ = {isa = PBXFileReference; lastKnownFileType = audio.mp3; path = 11.mp3; sourceTree = "<group>"; };
		8EE56A052055B32A002070C7 /* 8.mp3 */ = {isa = PBXFileReference; lastKnownFileType = audio.mp3; path = 8.mp3; sourceTree = "<group>"; };
		8EE56A062055B32B002070C7 /* 4.mp3 */ = {isa = PBXFileReference; lastKnownFileType = audio.mp3; path = 4.mp3; sourceTree = "<group>"; };
		8EE56A072055B32B002070C7 /* 5.mp3 */ = {isa = PBXFileReference; lastKnownFileType = audio.mp3; path = 5.mp3; sourceTree = "<group>"; };
		8EE6F7A120583F4E008635DB /* ZhanyltDetailsViewController.swift */ = {isa = PBXFileReference; lastKnownFileType = sourcecode.swift; path = ZhanyltDetailsViewController.swift; sourceTree = "<group>"; };
		8EE6F7A5205847E0008635DB /* Assets.xcassets */ = {isa = PBXFileReference; lastKnownFileType = folder.assetcatalog; name = Assets.xcassets; path = Botakan/Assets.xcassets; sourceTree = "<group>"; };
		8EF5E7612025B0DD00155124 /* ProgressBar.swift */ = {isa = PBXFileReference; fileEncoding = 4; lastKnownFileType = sourcecode.swift; path = ProgressBar.swift; sourceTree = "<group>"; };
		8EF5E7622025B0DD00155124 /* DefaultBGImage.swift */ = {isa = PBXFileReference; fileEncoding = 4; lastKnownFileType = sourcecode.swift; path = DefaultBGImage.swift; sourceTree = "<group>"; };
		8EF5E7632025B0DD00155124 /* BackgroundView.swift */ = {isa = PBXFileReference; fileEncoding = 4; lastKnownFileType = sourcecode.swift; path = BackgroundView.swift; sourceTree = "<group>"; };
		8EF5E7642025B0DD00155124 /* CollectionViewDetails.swift */ = {isa = PBXFileReference; fileEncoding = 4; lastKnownFileType = sourcecode.swift; path = CollectionViewDetails.swift; sourceTree = "<group>"; };
		8EF5E7662025B0DE00155124 /* LabelView.swift */ = {isa = PBXFileReference; fileEncoding = 4; lastKnownFileType = sourcecode.swift; path = LabelView.swift; sourceTree = "<group>"; };
		8EF5E7672025B0DE00155124 /* CLImage.swift */ = {isa = PBXFileReference; fileEncoding = 4; lastKnownFileType = sourcecode.swift; path = CLImage.swift; sourceTree = "<group>"; };
		8EF5E7962025B2FF00155124 /* MainMusic.mp3 */ = {isa = PBXFileReference; lastKnownFileType = audio.mp3; path = MainMusic.mp3; sourceTree = "<group>"; };
		DDC95B2DBF50FCAD9CDC1E7F /* Pods-Botakan.debug.xcconfig */ = {isa = PBXFileReference; includeInIndex = 1; lastKnownFileType = text.xcconfig; name = "Pods-Botakan.debug.xcconfig"; path = "Pods/Target Support Files/Pods-Botakan/Pods-Botakan.debug.xcconfig"; sourceTree = "<group>"; };
/* End PBXFileReference section */

/* Begin PBXFrameworksBuildPhase section */
		8E6D9B661FE8E5C700E0E3DC /* Frameworks */ = {
			isa = PBXFrameworksBuildPhase;
			buildActionMask = 2147483647;
			files = (
				9D76546255D14CDEE7E5624E /* Pods_Botakan.framework in Frameworks */,
			);
			runOnlyForDeploymentPostprocessing = 0;
		};
/* End PBXFrameworksBuildPhase section */

/* Begin PBXGroup section */
		49297B44BE742846F57007CC /* Frameworks */ = {
			isa = PBXGroup;
			children = (
				8C4FC35A0B099ABA6465B19C /* Pods_Botakan.framework */,
			);
			name = Frameworks;
			sourceTree = "<group>";
		};
		810485A6B5B84D8826EA9840 /* Pods */ = {
			isa = PBXGroup;
			children = (
				DDC95B2DBF50FCAD9CDC1E7F /* Pods-Botakan.debug.xcconfig */,
				69C7AE5FBE1911598AF36CF5 /* Pods-Botakan.release.xcconfig */,
			);
			name = Pods;
			sourceTree = "<group>";
		};
		8E3D15F02019A9FD004720F3 /* SummerView */ = {
			isa = PBXGroup;
			children = (
				8E3D15F32019AAE6004720F3 /* Controller */,
				8E3D15F12019AA77004720F3 /* View */,
			);
			path = SummerView;
			sourceTree = "<group>";
		};
		8E3D15F12019AA77004720F3 /* View */ = {
			isa = PBXGroup;
			children = (
				8E15084C200B4D5C00409ECD /* HeadTextView.swift */,
				8E9C29BE2020EE2F00BB462B /* ImageCellCV.swift */,
				8EDD10E72026EAD000DB6267 /* MusicView.swift */,
				8E37DFDD2025D65800E19382 /* CenterImageCell.swift */,
				8E1A36C0201F533F00E089F5 /* MenuButtons.swift */,
				8E1A36BD201F24FD00E089F5 /* DetailLabels.swift */,
				8E8C402720150641002DCE27 /* BallonsView.swift */,
				8E099EE2201A5D2F00151DE8 /* FeedBackView.swift */,
				8E1A36BA201F202200E089F5 /* FeedBackSons.swift */,
				8EA0E10920188D0E00C7DE57 /* MusicBtnMenu.swift */,
			);
			path = View;
			sourceTree = "<group>";
		};
		8E3D15F32019AAE6004720F3 /* Controller */ = {
			isa = PBXGroup;
			children = (
				8E90AAEB1FFFA2210070DD1B /* MenuViewController.swift */,
				8E0D77C9201081A4008F1FC2 /* TakpaktarVC.swift */,
				8E7CCC9D20135C2700B4E47A /* TakpakDetailsVC.swift */,
				8EBAEB1620224B08008DB211 /* AnderVC.swift */,
				8EDD10E42026E2F300DB6267 /* AnserDetailsViewController.swift */,
				8E37DFE02026463700E19382 /* ZhanyltViewController.swift */,
				8EE6F7A120583F4E008635DB /* ZhanyltDetailsViewController.swift */,
				8E37DFE32026531300E19382 /* SanamakViewController.swift */,
				8ECEDFAF2047E12900C22F0A /* SanamakDetailsVC.swift */,
			);
			path = Controller;
			sourceTree = "<group>";
		};
		8E6D9B601FE8E5C700E0E3DC = {
			isa = PBXGroup;
			children = (
				8EE6F7A5205847E0008635DB /* Assets.xcassets */,
				8E6D9B981FE8E8D800E0E3DC /* Default-568h@2x.png */,
				8E6D9B6B1FE8E5C700E0E3DC /* Botakan */,
				8E6D9B6A1FE8E5C700E0E3DC /* Products */,
				810485A6B5B84D8826EA9840 /* Pods */,
				49297B44BE742846F57007CC /* Frameworks */,
			);
			sourceTree = "<group>";
		};
		8E6D9B6A1FE8E5C700E0E3DC /* Products */ = {
			isa = PBXGroup;
			children = (
				8E6D9B691FE8E5C700E0E3DC /* Botakan.app */,
			);
			name = Products;
			sourceTree = "<group>";
		};
		8E6D9B6B1FE8E5C700E0E3DC /* Botakan */ = {
			isa = PBXGroup;
			children = (
				8E6D9BA01FE8E91200E0E3DC /* ViewNodes */,
				8E3D15F02019A9FD004720F3 /* SummerView */,
				8E6D9B841FE8E7E800E0E3DC /* Others */,
				8E6D9B7E1FE8E5C700E0E3DC /* Info.plist */,
				8E6D9BC51FE8EAAA00E0E3DC /* Media */,
				8E6D9B881FE8E83900E0E3DC /* Helpers */,
			);
			path = Botakan;
			sourceTree = "<group>";
		};
		8E6D9B841FE8E7E800E0E3DC /* Others */ = {
			isa = PBXGroup;
			children = (
				8E6D9B6C1FE8E5C700E0E3DC /* AppDelegate.swift */,
				8E6D9B971FE8E86D00E0E3DC /* HelveticaMedCd.ttf */,
				8E6D9B761FE8E5C700E0E3DC /* Main.storyboard */,
				8E6D9B7B1FE8E5C700E0E3DC /* LaunchScreen.storyboard */,
			);
			path = Others;
			sourceTree = "<group>";
		};
		8E6D9B881FE8E83900E0E3DC /* Helpers */ = {
			isa = PBXGroup;
			children = (
				8E6D9B8D1FE8E85800E0E3DC /* AllData.json */,
				8E6D9B891FE8E85700E0E3DC /* AnderData.json */,
				8E6D9B8F1FE8E85800E0E3DC /* Helpers.swift */,
				8E6D9B8A1FE8E85700E0E3DC /* ParsingJSON.swift */,
				8E6D9B8C1FE8E85800E0E3DC /* Sanamak.json */,
				8E6D9B8B1FE8E85700E0E3DC /* screenSize.swift */,
				8E6D9B8E1FE8E85800E0E3DC /* ZhanylData.json */,
			);
			path = Helpers;
			sourceTree = "<group>";
		};
		8E6D9BA01FE8E91200E0E3DC /* ViewNodes */ = {
			isa = PBXGroup;
			children = (
				8E6D9BAF1FE8E94000E0E3DC /* Views */,
				8E6D9BDF1FE8EBDF00E0E3DC /* MyParticle.sks */,
				8E6D9BE01FE8EBDF00E0E3DC /* Assets.xcassets */,
			);
			path = ViewNodes;
			sourceTree = "<group>";
		};
		8E6D9BAF1FE8E94000E0E3DC /* Views */ = {
			isa = PBXGroup;
			children = (
				8EF5E7632025B0DD00155124 /* BackgroundView.swift */,
				8EF5E7672025B0DE00155124 /* CLImage.swift */,
				8EF5E7642025B0DD00155124 /* CollectionViewDetails.swift */,
				8EF5E7622025B0DD00155124 /* DefaultBGImage.swift */,
				8EF5E7662025B0DE00155124 /* LabelView.swift */,
				8EF5E7612025B0DD00155124 /* ProgressBar.swift */,
			);
			path = Views;
			sourceTree = "<group>";
		};
		8E6D9BC51FE8EAAA00E0E3DC /* Media */ = {
			isa = PBXGroup;
			children = (
				8EF5E7962025B2FF00155124 /* MainMusic.mp3 */,
				8EE3C5102056D8E7003F277B /* asNauryz.mp3 */,
				8EE3C50D2056D8E6003F277B /* balalardy.mp3 */,
				8EE3C5092056D8E4003F277B /* Beibyt.mp3 */,
				8EE3C50E2056D8E6003F277B /* dostyk.mp3 */,
				8EE3C50B2056D8E5003F277B /* Garyshker.mp3 */,
				8EE3C50F2056D8E7003F277B /* Jas.mp3 */,
				8EE3C5082056D8E4003F277B /* koktem.mp3 */,
				8EE3C50C2056D8E6003F277B /* koshtasu.mp3 */,
				8EE3C5072056D8E4003F277B /* mamam.mp3 */,
				8EE3C50A2056D8E5003F277B /* shyrsha.mp3 */,
				8EE56A012055B329002070C7 /* 1.mp3 */,
				8EE569FE2055B327002070C7 /* 2.mp3 */,
				8EE569FF2055B328002070C7 /* 3.mp3 */,
				8EE56A062055B32B002070C7 /* 4.mp3 */,
				8EE56A072055B32B002070C7 /* 5.mp3 */,
				8EE56A022055B329002070C7 /* 6.mp3 */,
				8EE56A032055B32A002070C7 /* 7.mp3 */,
				8EE56A052055B32A002070C7 /* 8.mp3 */,
				8EE569FD2055B326002070C7 /* 9.mp3 */,
				8EE56A002055B328002070C7 /* 10.mp3 */,
				8EE56A042055B32A002070C7 /* 11.mp3 */,
			);
			path = Media;
			sourceTree = "<group>";
		};
/* End PBXGroup section */

/* Begin PBXNativeTarget section */
		8E6D9B681FE8E5C700E0E3DC /* Botakan */ = {
			isa = PBXNativeTarget;
			buildConfigurationList = 8E6D9B811FE8E5C700E0E3DC /* Build configuration list for PBXNativeTarget "Botakan" */;
			buildPhases = (
				4307971E1E9916A9421E01D8 /* [CP] Check Pods Manifest.lock */,
				8E6D9B651FE8E5C700E0E3DC /* Sources */,
				8E6D9B661FE8E5C700E0E3DC /* Frameworks */,
				8E6D9B671FE8E5C700E0E3DC /* Resources */,
				0C162C446B02C0A0754FE05A /* [CP] Embed Pods Frameworks */,
			);
			buildRules = (
			);
			dependencies = (
			);
			name = Botakan;
			productName = Botakan;
			productReference = 8E6D9B691FE8E5C700E0E3DC /* Botakan.app */;
			productType = "com.apple.product-type.application";
		};
/* End PBXNativeTarget section */

/* Begin PBXProject section */
		8E6D9B611FE8E5C700E0E3DC /* Project object */ = {
			isa = PBXProject;
			attributes = {
				LastSwiftUpdateCheck = 0920;
				LastUpgradeCheck = 0920;
				ORGANIZATIONNAME = kusainovaka;
				TargetAttributes = {
					8E6D9B681FE8E5C700E0E3DC = {
						CreatedOnToolsVersion = 9.2;
						ProvisioningStyle = Automatic;
						SystemCapabilities = {
							com.apple.BackgroundModes = {
								enabled = 1;
							};
						};
					};
				};
			};
			buildConfigurationList = 8E6D9B641FE8E5C700E0E3DC /* Build configuration list for PBXProject "Botakan" */;
			compatibilityVersion = "Xcode 8.0";
			developmentRegion = en;
			hasScannedForEncodings = 0;
			knownRegions = (
				en,
				Base,
			);
			mainGroup = 8E6D9B601FE8E5C700E0E3DC;
			productRefGroup = 8E6D9B6A1FE8E5C700E0E3DC /* Products */;
			projectDirPath = "";
			projectRoot = "";
			targets = (
				8E6D9B681FE8E5C700E0E3DC /* Botakan */,
			);
		};
/* End PBXProject section */

/* Begin PBXResourcesBuildPhase section */
		8E6D9B671FE8E5C700E0E3DC /* Resources */ = {
			isa = PBXResourcesBuildPhase;
			buildActionMask = 2147483647;
			files = (
				8EE6F7A6205847E0008635DB /* Assets.xcassets in Resources */,
				8EE6F7A4205847A7008635DB /* Assets.xcassets in Resources */,
				8EE56A0B2055B32C002070C7 /* 10.mp3 in Resources */,
				8EE56A0E2055B32C002070C7 /* 7.mp3 in Resources */,
				8EE56A0C2055B32C002070C7 /* 1.mp3 in Resources */,
				8EE3C5142056D8E7003F277B /* shyrsha.mp3 in Resources */,
				8EE3C5122056D8E7003F277B /* koktem.mp3 in Resources */,
				8EE3C5152056D8E7003F277B /* Garyshker.mp3 in Resources */,
				8EE56A092055B32C002070C7 /* 2.mp3 in Resources */,
				8EF5E7972025B30000155124 /* MainMusic.mp3 in Resources */,
				8EE3C5172056D8E7003F277B /* balalardy.mp3 in Resources */,
				8EE56A0A2055B32C002070C7 /* 3.mp3 in Resources */,
				8EE56A0F2055B32C002070C7 /* 11.mp3 in Resources */,
				8EE56A0D2055B32C002070C7 /* 6.mp3 in Resources */,
				8EE3C5182056D8E7003F277B /* dostyk.mp3 in Resources */,
				8EE56A102055B32C002070C7 /* 8.mp3 in Resources */,
				8EE3C5192056D8E7003F277B /* Jas.mp3 in Resources */,
				8EE3C5162056D8E7003F277B /* koshtasu.mp3 in Resources */,
				8EE3C5112056D8E7003F277B /* mamam.mp3 in Resources */,
				8EE3C51A2056D8E7003F277B /* asNauryz.mp3 in Resources */,
				8EE56A122055B32C002070C7 /* 5.mp3 in Resources */,
				8EE3C5132056D8E7003F277B /* Beibyt.mp3 in Resources */,
				8E6D9BDE1FE8EB4A00E0E3DC /* HelveticaMedCd.ttf in Resources */,
				8E6D9B781FE8E5C700E0E3DC /* Main.storyboard in Resources */,
				8E6D9B931FE8E85800E0E3DC /* Sanamak.json in Resources */,
				8E6D9B951FE8E85800E0E3DC /* ZhanylData.json in Resources */,
				8EE56A112055B32C002070C7 /* 4.mp3 in Resources */,
				8E6D9B941FE8E85800E0E3DC /* AllData.json in Resources */,
				8E6D9B991FE8E8D800E0E3DC /* Default-568h@2x.png in Resources */,
				8E6D9B901FE8E85800E0E3DC /* AnderData.json in Resources */,
				8E6D9B7D1FE8E5C700E0E3DC /* LaunchScreen.storyboard in Resources */,
				8EE56A082055B32C002070C7 /* 9.mp3 in Resources */,
				8E6D9BE11FE8EBDF00E0E3DC /* MyParticle.sks in Resources */,
			);
			runOnlyForDeploymentPostprocessing = 0;
		};
/* End PBXResourcesBuildPhase section */

/* Begin PBXShellScriptBuildPhase section */
		0C162C446B02C0A0754FE05A /* [CP] Embed Pods Frameworks */ = {
			isa = PBXShellScriptBuildPhase;
			buildActionMask = 2147483647;
			files = (
			);
			inputPaths = (
				"${PODS_ROOT}/Target Support Files/Pods-Botakan/Pods-Botakan-frameworks.sh",
				"${BUILT_PRODUCTS_DIR}/EasyPeasy/EasyPeasy.framework",
			);
			name = "[CP] Embed Pods Frameworks";
			outputPaths = (
				"${TARGET_BUILD_DIR}/${FRAMEWORKS_FOLDER_PATH}/EasyPeasy.framework",
			);
			runOnlyForDeploymentPostprocessing = 0;
			shellPath = /bin/sh;
			shellScript = "\"${PODS_ROOT}/Target Support Files/Pods-Botakan/Pods-Botakan-frameworks.sh\"\n";
			showEnvVarsInLog = 0;
		};
		4307971E1E9916A9421E01D8 /* [CP] Check Pods Manifest.lock */ = {
			isa = PBXShellScriptBuildPhase;
			buildActionMask = 2147483647;
			files = (
			);
			inputPaths = (
				"${PODS_PODFILE_DIR_PATH}/Podfile.lock",
				"${PODS_ROOT}/Manifest.lock",
			);
			name = "[CP] Check Pods Manifest.lock";
			outputPaths = (
				"$(DERIVED_FILE_DIR)/Pods-Botakan-checkManifestLockResult.txt",
			);
			runOnlyForDeploymentPostprocessing = 0;
			shellPath = /bin/sh;
			shellScript = "diff \"${PODS_PODFILE_DIR_PATH}/Podfile.lock\" \"${PODS_ROOT}/Manifest.lock\" > /dev/null\nif [ $? != 0 ] ; then\n    # print error to STDERR\n    echo \"error: The sandbox is not in sync with the Podfile.lock. Run 'pod install' or update your CocoaPods installation.\" >&2\n    exit 1\nfi\n# This output is used by Xcode 'outputs' to avoid re-running this script phase.\necho \"SUCCESS\" > \"${SCRIPT_OUTPUT_FILE_0}\"\n";
			showEnvVarsInLog = 0;
		};
/* End PBXShellScriptBuildPhase section */

/* Begin PBXSourcesBuildPhase section */
		8E6D9B651FE8E5C700E0E3DC /* Sources */ = {
			isa = PBXSourcesBuildPhase;
			buildActionMask = 2147483647;
			files = (
				8E9C29BF2020EE2F00BB462B /* ImageCellCV.swift in Sources */,
				8ECEDFB02047E12900C22F0A /* SanamakDetailsVC.swift in Sources */,
				8EBAEB1720224B08008DB211 /* AnderVC.swift in Sources */,
				8E1A36BB201F202200E089F5 /* FeedBackSons.swift in Sources */,
				8E6D9B921FE8E85800E0E3DC /* screenSize.swift in Sources */,
				8E7CCC9E20135C2700B4E47A /* TakpakDetailsVC.swift in Sources */,
				8E099EE3201A5D2F00151DE8 /* FeedBackView.swift in Sources */,
				8EF5E7682025B0DE00155124 /* ProgressBar.swift in Sources */,
				8EF5E76E2025B0DE00155124 /* CLImage.swift in Sources */,
				8E6D9B961FE8E85800E0E3DC /* Helpers.swift in Sources */,
				8EF5E76A2025B0DE00155124 /* BackgroundView.swift in Sources */,
				8EDD10E82026EAD100DB6267 /* MusicView.swift in Sources */,
				8E37DFE12026463700E19382 /* ZhanyltViewController.swift in Sources */,
				8E37DFDE2025D65800E19382 /* CenterImageCell.swift in Sources */,
				8EDD10E52026E2F300DB6267 /* AnserDetailsViewController.swift in Sources */,
				8E15084D200B4D5C00409ECD /* HeadTextView.swift in Sources */,
				8E1A36BE201F24FD00E089F5 /* DetailLabels.swift in Sources */,
				8E8C402820150641002DCE27 /* BallonsView.swift in Sources */,
				8E37DFE42026531300E19382 /* SanamakViewController.swift in Sources */,
				8E6D9B911FE8E85800E0E3DC /* ParsingJSON.swift in Sources */,
				8EF33B832058C5B0000C5CE4 /* MusicBtnMenu.swift in Sources */,
				8EF5E76D2025B0DE00155124 /* LabelView.swift in Sources */,
				8EE6F7A220583F4E008635DB /* ZhanyltDetailsViewController.swift in Sources */,
				8E90AAEC1FFFA2210070DD1B /* MenuViewController.swift in Sources */,
				8E6D9B6D1FE8E5C700E0E3DC /* AppDelegate.swift in Sources */,
				8EF5E76B2025B0DE00155124 /* CollectionViewDetails.swift in Sources */,
				8EF5E7692025B0DE00155124 /* DefaultBGImage.swift in Sources */,
				8E1A36C1201F533F00E089F5 /* MenuButtons.swift in Sources */,
				8E0D77CA201081A4008F1FC2 /* TakpaktarVC.swift in Sources */,
			);
			runOnlyForDeploymentPostprocessing = 0;
		};
/* End PBXSourcesBuildPhase section */

/* Begin PBXVariantGroup section */
		8E6D9B761FE8E5C700E0E3DC /* Main.storyboard */ = {
			isa = PBXVariantGroup;
			children = (
				8E6D9B771FE8E5C700E0E3DC /* Base */,
			);
			name = Main.storyboard;
			sourceTree = "<group>";
		};
		8E6D9B7B1FE8E5C700E0E3DC /* LaunchScreen.storyboard */ = {
			isa = PBXVariantGroup;
			children = (
				8E6D9B7C1FE8E5C700E0E3DC /* Base */,
			);
			name = LaunchScreen.storyboard;
			sourceTree = "<group>";
		};
/* End PBXVariantGroup section */

/* Begin XCBuildConfiguration section */
		8E6D9B7F1FE8E5C700E0E3DC /* Debug */ = {
			isa = XCBuildConfiguration;
			buildSettings = {
				ALWAYS_SEARCH_USER_PATHS = NO;
				CLANG_ANALYZER_NONNULL = YES;
				CLANG_ANALYZER_NUMBER_OBJECT_CONVERSION = YES_AGGRESSIVE;
				CLANG_CXX_LANGUAGE_STANDARD = "gnu++14";
				CLANG_CXX_LIBRARY = "libc++";
				CLANG_ENABLE_MODULES = YES;
				CLANG_ENABLE_OBJC_ARC = YES;
				CLANG_WARN_BLOCK_CAPTURE_AUTORELEASING = YES;
				CLANG_WARN_BOOL_CONVERSION = YES;
				CLANG_WARN_COMMA = YES;
				CLANG_WARN_CONSTANT_CONVERSION = YES;
				CLANG_WARN_DIRECT_OBJC_ISA_USAGE = YES_ERROR;
				CLANG_WARN_DOCUMENTATION_COMMENTS = YES;
				CLANG_WARN_EMPTY_BODY = YES;
				CLANG_WARN_ENUM_CONVERSION = YES;
				CLANG_WARN_INFINITE_RECURSION = YES;
				CLANG_WARN_INT_CONVERSION = YES;
				CLANG_WARN_NON_LITERAL_NULL_CONVERSION = YES;
				CLANG_WARN_OBJC_LITERAL_CONVERSION = YES;
				CLANG_WARN_OBJC_ROOT_CLASS = YES_ERROR;
				CLANG_WARN_RANGE_LOOP_ANALYSIS = YES;
				CLANG_WARN_STRICT_PROTOTYPES = YES;
				CLANG_WARN_SUSPICIOUS_MOVE = YES;
				CLANG_WARN_UNGUARDED_AVAILABILITY = YES_AGGRESSIVE;
				CLANG_WARN_UNREACHABLE_CODE = YES;
				CLANG_WARN__DUPLICATE_METHOD_MATCH = YES;
				CODE_SIGN_IDENTITY = "iPhone Developer";
				COPY_PHASE_STRIP = NO;
				DEBUG_INFORMATION_FORMAT = dwarf;
				ENABLE_STRICT_OBJC_MSGSEND = YES;
				ENABLE_TESTABILITY = YES;
				GCC_C_LANGUAGE_STANDARD = gnu11;
				GCC_DYNAMIC_NO_PIC = NO;
				GCC_NO_COMMON_BLOCKS = YES;
				GCC_OPTIMIZATION_LEVEL = 0;
				GCC_PREPROCESSOR_DEFINITIONS = (
					"DEBUG=1",
					"$(inherited)",
				);
				GCC_WARN_64_TO_32_BIT_CONVERSION = YES;
				GCC_WARN_ABOUT_RETURN_TYPE = YES_ERROR;
				GCC_WARN_UNDECLARED_SELECTOR = YES;
				GCC_WARN_UNINITIALIZED_AUTOS = YES_AGGRESSIVE;
				GCC_WARN_UNUSED_FUNCTION = YES;
				GCC_WARN_UNUSED_VARIABLE = YES;
				IPHONEOS_DEPLOYMENT_TARGET = 11.2;
				MTL_ENABLE_DEBUG_INFO = YES;
				ONLY_ACTIVE_ARCH = YES;
				SDKROOT = iphoneos;
				SWIFT_ACTIVE_COMPILATION_CONDITIONS = DEBUG;
				SWIFT_OPTIMIZATION_LEVEL = "-Onone";
			};
			name = Debug;
		};
		8E6D9B801FE8E5C700E0E3DC /* Release */ = {
			isa = XCBuildConfiguration;
			buildSettings = {
				ALWAYS_SEARCH_USER_PATHS = NO;
				CLANG_ANALYZER_NONNULL = YES;
				CLANG_ANALYZER_NUMBER_OBJECT_CONVERSION = YES_AGGRESSIVE;
				CLANG_CXX_LANGUAGE_STANDARD = "gnu++14";
				CLANG_CXX_LIBRARY = "libc++";
				CLANG_ENABLE_MODULES = YES;
				CLANG_ENABLE_OBJC_ARC = YES;
				CLANG_WARN_BLOCK_CAPTURE_AUTORELEASING = YES;
				CLANG_WARN_BOOL_CONVERSION = YES;
				CLANG_WARN_COMMA = YES;
				CLANG_WARN_CONSTANT_CONVERSION = YES;
				CLANG_WARN_DIRECT_OBJC_ISA_USAGE = YES_ERROR;
				CLANG_WARN_DOCUMENTATION_COMMENTS = YES;
				CLANG_WARN_EMPTY_BODY = YES;
				CLANG_WARN_ENUM_CONVERSION = YES;
				CLANG_WARN_INFINITE_RECURSION = YES;
				CLANG_WARN_INT_CONVERSION = YES;
				CLANG_WARN_NON_LITERAL_NULL_CONVERSION = YES;
				CLANG_WARN_OBJC_LITERAL_CONVERSION = YES;
				CLANG_WARN_OBJC_ROOT_CLASS = YES_ERROR;
				CLANG_WARN_RANGE_LOOP_ANALYSIS = YES;
				CLANG_WARN_STRICT_PROTOTYPES = YES;
				CLANG_WARN_SUSPICIOUS_MOVE = YES;
				CLANG_WARN_UNGUARDED_AVAILABILITY = YES_AGGRESSIVE;
				CLANG_WARN_UNREACHABLE_CODE = YES;
				CLANG_WARN__DUPLICATE_METHOD_MATCH = YES;
				CODE_SIGN_IDENTITY = "iPhone Developer";
				COPY_PHASE_STRIP = NO;
				DEBUG_INFORMATION_FORMAT = "dwarf-with-dsym";
				ENABLE_NS_ASSERTIONS = NO;
				ENABLE_STRICT_OBJC_MSGSEND = YES;
				GCC_C_LANGUAGE_STANDARD = gnu11;
				GCC_NO_COMMON_BLOCKS = YES;
				GCC_WARN_64_TO_32_BIT_CONVERSION = YES;
				GCC_WARN_ABOUT_RETURN_TYPE = YES_ERROR;
				GCC_WARN_UNDECLARED_SELECTOR = YES;
				GCC_WARN_UNINITIALIZED_AUTOS = YES_AGGRESSIVE;
				GCC_WARN_UNUSED_FUNCTION = YES;
				GCC_WARN_UNUSED_VARIABLE = YES;
				IPHONEOS_DEPLOYMENT_TARGET = 11.2;
				MTL_ENABLE_DEBUG_INFO = NO;
				SDKROOT = iphoneos;
				SWIFT_OPTIMIZATION_LEVEL = "-Owholemodule";
				VALIDATE_PRODUCT = YES;
			};
			name = Release;
		};
		8E6D9B821FE8E5C700E0E3DC /* Debug */ = {
			isa = XCBuildConfiguration;
			baseConfigurationReference = DDC95B2DBF50FCAD9CDC1E7F /* Pods-Botakan.debug.xcconfig */;
			buildSettings = {
				ASSETCATALOG_COMPILER_APPICON_NAME = AppIcon;
				CLANG_ALLOW_NON_MODULAR_INCLUDES_IN_FRAMEWORK_MODULES = NO;
				CLANG_ENABLE_MODULES = YES;
				"CODE_SIGN_IDENTITY[sdk=iphoneos*]" = "iPhone Developer";
				CODE_SIGN_STYLE = Automatic;
				DEVELOPMENT_TEAM = 3456T57P5Z;
				INFOPLIST_FILE = Botakan/Info.plist;
				IPHONEOS_DEPLOYMENT_TARGET = 10.0;
				LD_RUNPATH_SEARCH_PATHS = "$(inherited) @executable_path/Frameworks";
				PRODUCT_BUNDLE_IDENTIFIER = kamila.botakan;
				PRODUCT_NAME = "$(TARGET_NAME)";
				PROVISIONING_PROFILE = "";
				PROVISIONING_PROFILE_SPECIFIER = "";
				SWIFT_VERSION = 4.0;
				TARGETED_DEVICE_FAMILY = "1,2";
			};
			name = Debug;
		};
		8E6D9B831FE8E5C700E0E3DC /* Release */ = {
			isa = XCBuildConfiguration;
			baseConfigurationReference = 69C7AE5FBE1911598AF36CF5 /* Pods-Botakan.release.xcconfig */;
			buildSettings = {
				ASSETCATALOG_COMPILER_APPICON_NAME = AppIcon;
				CLANG_ALLOW_NON_MODULAR_INCLUDES_IN_FRAMEWORK_MODULES = NO;
				CLANG_ENABLE_MODULES = YES;
				"CODE_SIGN_IDENTITY[sdk=iphoneos*]" = "iPhone Developer";
				CODE_SIGN_STYLE = Automatic;
				DEVELOPMENT_TEAM = 3456T57P5Z;
				INFOPLIST_FILE = Botakan/Info.plist;
				IPHONEOS_DEPLOYMENT_TARGET = 10.0;
				LD_RUNPATH_SEARCH_PATHS = "$(inherited) @executable_path/Frameworks";
				PRODUCT_BUNDLE_IDENTIFIER = kamila.botakan;
				PRODUCT_NAME = "$(TARGET_NAME)";
				PROVISIONING_PROFILE = "";
				PROVISIONING_PROFILE_SPECIFIER = "";
				SWIFT_VERSION = 4.0;
				TARGETED_DEVICE_FAMILY = "1,2";
			};
			name = Release;
		};
/* End XCBuildConfiguration section */

/* Begin XCConfigurationList section */
		8E6D9B641FE8E5C700E0E3DC /* Build configuration list for PBXProject "Botakan" */ = {
			isa = XCConfigurationList;
			buildConfigurations = (
				8E6D9B7F1FE8E5C700E0E3DC /* Debug */,
				8E6D9B801FE8E5C700E0E3DC /* Release */,
			);
			defaultConfigurationIsVisible = 0;
			defaultConfigurationName = Release;
		};
		8E6D9B811FE8E5C700E0E3DC /* Build configuration list for PBXNativeTarget "Botakan" */ = {
			isa = XCConfigurationList;
			buildConfigurations = (
				8E6D9B821FE8E5C700E0E3DC /* Debug */,
				8E6D9B831FE8E5C700E0E3DC /* Release */,
			);
			defaultConfigurationIsVisible = 0;
			defaultConfigurationName = Release;
		};
/* End XCConfigurationList section */
	};
	rootObject = 8E6D9B611FE8E5C700E0E3DC /* Project object */;
}
